// !$*UTF8*$!
{
	archiveVersion = 1;
	classes = {
	};
	objectVersion = 55;
	objects = {

/* Begin PBXBuildFile section */
		0DB7E36B27FBE3DB0090FA75 /* qris_sdk_astrapay.docc in Sources */ = {isa = PBXBuildFile; fileRef = 0DB7E36A27FBE3DB0090FA75 /* qris_sdk_astrapay.docc */; };
		0DB7E36C27FBE3DB0090FA75 /* qris_sdk_astrapay.h in Headers */ = {isa = PBXBuildFile; fileRef = 0DB7E36927FBE3DB0090FA75 /* qris_sdk_astrapay.h */; settings = {ATTRIBUTES = (Public, ); }; };
		1EEB0049CA311EB69CFB6723 /* QRInputKeyboardView.nib in Resources */ = {isa = PBXBuildFile; fileRef = 1EEB07D01DB49A425050BD6E /* QRInputKeyboardView.nib */; };
		1EEB00588BAC6F914737A62E /* QRNewTransactionFlowViewController.nib in Resources */ = {isa = PBXBuildFile; fileRef = 1EEB0D03D8B86F0DB6784DF6 /* QRNewTransactionFlowViewController.nib */; };
		1EEB0064962D32037D864235 /* x86_64.swiftsourceinfo in Resources */ = {isa = PBXBuildFile; fileRef = 1EEB0235FF0A033BF696BE20 /* x86_64.swiftsourceinfo */; };
		1EEB0084EA4E492E57BDE1DA /* QRTransactionDetailBottomTVCell.nib in Resources */ = {isa = PBXBuildFile; fileRef = 1EEB09F1DA3CB254EC858DEC /* QRTransactionDetailBottomTVCell.nib */; };
		1EEB008634215ABD9FE9E8D7 /* qris_sdk_astrapay in Resources */ = {isa = PBXBuildFile; fileRef = 1EEB0F26D853F8E487268273 /* qris_sdk_astrapay */; };
		1EEB009D3971315705B64E3B /* x86_64-apple-ios-simulator.swiftinterface in Resources */ = {isa = PBXBuildFile; fileRef = 1EEB00E1FA5B87B206988B17 /* x86_64-apple-ios-simulator.swiftinterface */; };
		1EEB00A4518E5ADB72BF5A07 /* BarlowLight.ttf in Resources */ = {isa = PBXBuildFile; fileRef = 1EEB0F0D4454EA582C780A97 /* BarlowLight.ttf */; };
		1EEB00BFC698B4F3217D94D3 /* Info.plist in Resources */ = {isa = PBXBuildFile; fileRef = 1EEB08BF64F35354A38CDE77 /* Info.plist */; };
		1EEB00E25A5B80C1D3491F6D /* QRPopUpOTP.nib in Resources */ = {isa = PBXBuildFile; fileRef = 1EEB0A0CAA1A67E3AE4F9F40 /* QRPopUpOTP.nib */; };
		1EEB00F15507BE1DF3046890 /* qris_sdk_astrapay-Swift.h in Headers */ = {isa = PBXBuildFile; fileRef = 1EEB0B99846EBF9A72C6BCCE /* qris_sdk_astrapay-Swift.h */; };
		1EEB014F1FC36E5536020307 /* QRPLMCDetailPaymentTVCell.nib in Resources */ = {isa = PBXBuildFile; fileRef = 1EEB022FF53364B982B3A53F /* QRPLMCDetailPaymentTVCell.nib */; };
		1EEB016D41D79B4458B4DF5A /* InterBlack.ttf in Resources */ = {isa = PBXBuildFile; fileRef = 1EEB05FFB6A8D64D00D21367 /* InterBlack.ttf */; };
		1EEB019B79DC9EA3681187F7 /* QRViewControllerIdentifier.nib in Resources */ = {isa = PBXBuildFile; fileRef = 1EEB01BCD2AF9D3CE2FBF5D2 /* QRViewControllerIdentifier.nib */; };
		1EEB01A94100B73772FE6B03 /* BarlowBlack.ttf in Resources */ = {isa = PBXBuildFile; fileRef = 1EEB0BFDB887D2C55C9671B0 /* BarlowBlack.ttf */; };
		1EEB01B954739F8D41C2DAE8 /* x86_64.swiftdoc in Resources */ = {isa = PBXBuildFile; fileRef = 1EEB08A82B04A56263D2E53D /* x86_64.swiftdoc */; };
		1EEB01D8095FE4534C0B8490 /* qris_sdk_astrapay in Resources */ = {isa = PBXBuildFile; fileRef = 1EEB0DA4905D5ADFAAD5276D /* qris_sdk_astrapay */; };
		1EEB01EF85674E3B0A049387 /* InterBlack.ttf in Resources */ = {isa = PBXBuildFile; fileRef = 1EEB0E3EC5C95B79F65D1019 /* InterBlack.ttf */; };
		1EEB01F2B7873BE078B2A8B1 /* QRViewController.nib in Resources */ = {isa = PBXBuildFile; fileRef = 1EEB01D29B4735E21739371F /* QRViewController.nib */; };
		1EEB01FFE2CDAFA85410CBCC /* QRPLMaucashQrisLoanTrxVC.nib in Resources */ = {isa = PBXBuildFile; fileRef = 1EEB07F6120DA8B6D3A3C326 /* QRPLMaucashQrisLoanTrxVC.nib */; };
		1EEB0212EFC06AEA8BD0F969 /* InterExtraBold.ttf in Resources */ = {isa = PBXBuildFile; fileRef = 1EEB0FA5A1DA51A39EB1A3A1 /* InterExtraBold.ttf */; };
		1EEB024533CE27C407E172DD /* QRPopUpPIN.nib in Resources */ = {isa = PBXBuildFile; fileRef = 1EEB02B61F3DE870D7D087C5 /* QRPopUpPIN.nib */; };
		1EEB02470C413E6D1541CF81 /* QRNewTransactionFlowViewController.nib in Resources */ = {isa = PBXBuildFile; fileRef = 1EEB02FE41401355448EF334 /* QRNewTransactionFlowViewController.nib */; };
		1EEB024B3B49348B9160E10F /* QRAPImageKeyboardAtom.nib in Resources */ = {isa = PBXBuildFile; fileRef = 1EEB0E91012645AC60F484A1 /* QRAPImageKeyboardAtom.nib */; };
		1EEB025B2D9CB1BFE9C50880 /* QRTransactionIsProcessView.nib in Resources */ = {isa = PBXBuildFile; fileRef = 1EEB0B15C19C0671B2A59CBA /* QRTransactionIsProcessView.nib */; };
		1EEB0272DFD369067F7B0EAE /* QRPLMCDetailLoanTrxView.nib in Resources */ = {isa = PBXBuildFile; fileRef = 1EEB0B270A05599A4658443E /* QRPLMCDetailLoanTrxView.nib */; };
		1EEB0295175A082F7F7C34DE /* InterLight.ttf in Resources */ = {isa = PBXBuildFile; fileRef = 1EEB00FAC0C5A34025CF1B11 /* InterLight.ttf */; };
		1EEB02B79607A050AA02AF0E /* QRPopUpMessage.nib in Resources */ = {isa = PBXBuildFile; fileRef = 1EEB084FF276E18C7F48CEBB /* QRPopUpMessage.nib */; };
		1EEB02BC79864EF24C71C465 /* InterRegular.ttf in Resources */ = {isa = PBXBuildFile; fileRef = 1EEB066C613E8918FCB6990F /* InterRegular.ttf */; };
		1EEB02C6C5F0A7947ECB0ADB /* QRAPButtonAtom.nib in Resources */ = {isa = PBXBuildFile; fileRef = 1EEB0D7EFBE01C8BE607AE3B /* QRAPButtonAtom.nib */; };
		1EEB02EBACF5B132AAD47F23 /* QRNominalTransactionTvCell.nib in Resources */ = {isa = PBXBuildFile; fileRef = 1EEB076F20D2FC118CF3B81B /* QRNominalTransactionTvCell.nib */; };
		1EEB02FA2E21184A6C61448A /* QRPopUpMessage.nib in Resources */ = {isa = PBXBuildFile; fileRef = 1EEB09CD2B7D90EC29015CEB /* QRPopUpMessage.nib */; };
		1EEB0314FB1896947226A1EE /* scan.json in Resources */ = {isa = PBXBuildFile; fileRef = 1EEB0EDC1D41BC68CB19A40C /* scan.json */; };
		1EEB034C0ADCE9A2D181B4F4 /* QRInputKeyboardView.nib in Resources */ = {isa = PBXBuildFile; fileRef = 1EEB0AAD501386F2C47A5129 /* QRInputKeyboardView.nib */; };
		1EEB036D4D344998DD79179D /* QRPopUp.nib in Resources */ = {isa = PBXBuildFile; fileRef = 1EEB0B286FE31C3D32079AEE /* QRPopUp.nib */; };
		1EEB03760717FD327E1DEB3F /* QRMerchantInfoTvCell.nib in Resources */ = {isa = PBXBuildFile; fileRef = 1EEB0F392F05DA716B6E72B0 /* QRMerchantInfoTvCell.nib */; };
		1EEB03A96F9F0A0266AD542B /* QRCameraControlView.nib in Resources */ = {isa = PBXBuildFile; fileRef = 1EEB03B5EA69F60F2207702D /* QRCameraControlView.nib */; };
		1EEB03BF0E8A2A85742591F0 /* QRAPPopUpErrorVC.nib in Resources */ = {isa = PBXBuildFile; fileRef = 1EEB06447E7EBD1EED3C8218 /* QRAPPopUpErrorVC.nib */; };
		1EEB03D0F0C3E6A0FE0D44E1 /* BarlowExtraLight.ttf in Resources */ = {isa = PBXBuildFile; fileRef = 1EEB07E1379ED0BA997AD63D /* BarlowExtraLight.ttf */; };
		1EEB03D5E96C2A1C564B81C1 /* InterExtraLight.ttf in Resources */ = {isa = PBXBuildFile; fileRef = 1EEB0ACF8DD7E77F675BFCC9 /* InterExtraLight.ttf */; };
		1EEB043003F3C94E100A878C /* arm64-apple-ios.swiftdoc in Resources */ = {isa = PBXBuildFile; fileRef = 1EEB0224F395F0D4A37AA783 /* arm64-apple-ios.swiftdoc */; };
		1EEB0431B1F3F9F656B4EAF6 /* QRTransactionDetailMiddleTVCell.nib in Resources */ = {isa = PBXBuildFile; fileRef = 1EEB075474728D042E34CCC4 /* QRTransactionDetailMiddleTVCell.nib */; };
		1EEB0451BC8397DABD2D3D3D /* InterRegular.ttf in Resources */ = {isa = PBXBuildFile; fileRef = 1EEB0354ADF2A4249FE5E67C /* InterRegular.ttf */; };
		1EEB04ADF5041E89BDDB8F2B /* QRTransactionIsProcessView.nib in Resources */ = {isa = PBXBuildFile; fileRef = 1EEB0DD42C176339073D9CC8 /* QRTransactionIsProcessView.nib */; };
		1EEB04CA0EC8A4BCB44C56AC /* QRAPCustomKeyboardAtom.nib in Resources */ = {isa = PBXBuildFile; fileRef = 1EEB0071948E38E82F8038BA /* QRAPCustomKeyboardAtom.nib */; };
		1EEB04F552F5F451CA4BB0AA /* QRAPImageKeyboardAtom.nib in Resources */ = {isa = PBXBuildFile; fileRef = 1EEB0413BEE6D093B06B0DC0 /* QRAPImageKeyboardAtom.nib */; };
		1EEB051F5DAE94BC35C93440 /* qRNewTransactionFlowViewControllerIdentifier.nib in Resources */ = {isa = PBXBuildFile; fileRef = 1EEB07334B73527AF6448F49 /* qRNewTransactionFlowViewControllerIdentifier.nib */; };
		1EEB0538A3A67577FE03ECD9 /* BarlowExtraLight.ttf in Resources */ = {isa = PBXBuildFile; fileRef = 1EEB03C3AFC8952C2C170E0E /* BarlowExtraLight.ttf */; };
		1EEB05544AB9C50E1250B293 /* QRTrxDetailItemTVCell.nib in Resources */ = {isa = PBXBuildFile; fileRef = 1EEB03F76F160555A40EA5B1 /* QRTrxDetailItemTVCell.nib */; };
		1EEB055CA7FB04215D5D25E0 /* QRButton.nib in Resources */ = {isa = PBXBuildFile; fileRef = 1EEB0E93823A172DF138D966 /* QRButton.nib */; };
		1EEB057AF33D20C9FC7D0370 /* QRTransactionDetailTopTVCell.nib in Resources */ = {isa = PBXBuildFile; fileRef = 1EEB09A885161803DD516DD6 /* QRTransactionDetailTopTVCell.nib */; };
		1EEB057F900C513090296F80 /* QRPLMCDetailPaymentView.nib in Resources */ = {isa = PBXBuildFile; fileRef = 1EEB0DC02A63AA16ED2FF42E /* QRPLMCDetailPaymentView.nib */; };
		1EEB058ABCCB5D81DC966F33 /* QRDetailPaymentTvCell.nib in Resources */ = {isa = PBXBuildFile; fileRef = 1EEB09623FC77D10A4599886 /* QRDetailPaymentTvCell.nib */; };
		1EEB058AF2B30A4DFB108308 /* CodeResources in Resources */ = {isa = PBXBuildFile; fileRef = 1EEB016CCD6B5D7D37A89A05 /* CodeResources */; };
		1EEB058F4EECE4F2EC652B69 /* BarlowSemiBold.ttf in Resources */ = {isa = PBXBuildFile; fileRef = 1EEB0B81411F239031929356 /* BarlowSemiBold.ttf */; };
		1EEB05EED1364011A93CE1A2 /* QRResultPaymentView.nib in Resources */ = {isa = PBXBuildFile; fileRef = 1EEB04B60D02FED59F568FEA /* QRResultPaymentView.nib */; };
		1EEB0630A06125FD3DCB3851 /* InterLight.ttf in Resources */ = {isa = PBXBuildFile; fileRef = 1EEB0525C258FC90DA507A8F /* InterLight.ttf */; };
		1EEB06577012DA012D3CEF4F /* QRAPButtonAtom.nib in Resources */ = {isa = PBXBuildFile; fileRef = 1EEB091E48A65CB80AB93543 /* QRAPButtonAtom.nib */; };
		1EEB066133A9D4B4BAF6F464 /* InterSemiBold.ttf in Resources */ = {isa = PBXBuildFile; fileRef = 1EEB06ABA57C93C56C09A7A6 /* InterSemiBold.ttf */; };
		1EEB067C193C3CEAA87852B8 /* QRPLMCDetailPaymentView.nib in Resources */ = {isa = PBXBuildFile; fileRef = 1EEB00014BFB6E6414916633 /* QRPLMCDetailPaymentView.nib */; };
		1EEB067D4CC54EC673CBBC26 /* failedLottie.json in Resources */ = {isa = PBXBuildFile; fileRef = 1EEB04C118EBC2459B669E78 /* failedLottie.json */; };
		1EEB069864E3120401C7B732 /* BarlowThin.ttf in Resources */ = {isa = PBXBuildFile; fileRef = 1EEB0AED4656D2A49DE4D3B0 /* BarlowThin.ttf */; };
		1EEB06B4844D07A783EC159A /* QRLoadingStateView.nib in Resources */ = {isa = PBXBuildFile; fileRef = 1EEB07A6BA71937E33F95D44 /* QRLoadingStateView.nib */; };
		1EEB06C2043A87FBE5D9ED97 /* InterMedium.ttf in Resources */ = {isa = PBXBuildFile; fileRef = 1EEB00B42059B288CF3920BA /* InterMedium.ttf */; };
		1EEB06C67BB7BB4402E040D2 /* x86_64.swiftinterface in Resources */ = {isa = PBXBuildFile; fileRef = 1EEB0F3D49AF12C34BBCFEAF /* x86_64.swiftinterface */; };
		1EEB06D8AC2366CB6FE2C53D /* QRAPCustomKeyboardAtom.nib in Resources */ = {isa = PBXBuildFile; fileRef = 1EEB02CE0BC023846BC7BF5B /* QRAPCustomKeyboardAtom.nib */; };
		1EEB070A4C889EDA4856C96A /* QRLottieAnimationView.nib in Resources */ = {isa = PBXBuildFile; fileRef = 1EEB004093EDC7EF147B5FF3 /* QRLottieAnimationView.nib */; };
		1EEB0720E03A9992229B97ED /* QRPLMaucashQrisWebViewVC.nib in Resources */ = {isa = PBXBuildFile; fileRef = 1EEB032808157177E8DDC735 /* QRPLMaucashQrisWebViewVC.nib */; };
		1EEB072242131F9A3FA032AF /* BarlowExtraBold.ttf in Resources */ = {isa = PBXBuildFile; fileRef = 1EEB0C13351E4380E98C2F84 /* BarlowExtraBold.ttf */; };
		1EEB074C410DD8AE8E3020A0 /* InterBold.ttf in Resources */ = {isa = PBXBuildFile; fileRef = 1EEB06DED2BB7E36DED7CC77 /* InterBold.ttf */; };
		1EEB07620A638C253CDB1ED6 /* QRDetailPaymentTvCell.nib in Resources */ = {isa = PBXBuildFile; fileRef = 1EEB054269BED6F5F2FA99C7 /* QRDetailPaymentTvCell.nib */; };
		1EEB0779CC8ED3D0D848A435 /* 5m1-eR-zLb-view-ecu-k9-wND.nib in Resources */ = {isa = PBXBuildFile; fileRef = 1EEB0795F3CD7B8E8D29FB8D /* 5m1-eR-zLb-view-ecu-k9-wND.nib */; };
		1EEB07A4669C4B1E985C05BB /* successLottie.json in Resources */ = {isa = PBXBuildFile; fileRef = 1EEB093D732840C6949645DB /* successLottie.json */; };
		1EEB07BC7827F567BDB49F2B /* QRPLMCSubTenorLoanTVCell.nib in Resources */ = {isa = PBXBuildFile; fileRef = 1EEB0594F70A9C2468C9C7BD /* QRPLMCSubTenorLoanTVCell.nib */; };
		1EEB07EE6F06A6F2BE4AA9C8 /* QRPLMCDetailLoanTVCell.nib in Resources */ = {isa = PBXBuildFile; fileRef = 1EEB0F2CB0E3E9578D37C66D /* QRPLMCDetailLoanTVCell.nib */; };
		1EEB0800A520D681DC0AD605 /* arm64.swiftdoc in Resources */ = {isa = PBXBuildFile; fileRef = 1EEB0D5D346EC400F25C54C7 /* arm64.swiftdoc */; };
		1EEB0801601D44062581DEAC /* QRPopUpPIN.nib in Resources */ = {isa = PBXBuildFile; fileRef = 1EEB02F44233E8F6DF844238 /* QRPopUpPIN.nib */; };
		1EEB080BB9C125FEFF5F53C7 /* QRLottieAnimationView.nib in Resources */ = {isa = PBXBuildFile; fileRef = 1EEB0A9EF949BF6FD8AF3E3C /* QRLottieAnimationView.nib */; };
		1EEB083463FB50ED293162FC /* QRTransactionDetailBottomTVCell.nib in Resources */ = {isa = PBXBuildFile; fileRef = 1EEB07D8BF2E1FC0B5D7F2C6 /* QRTransactionDetailBottomTVCell.nib */; };
		1EEB0845E619A2B3BF5DEA3B /* QRInputAmountViewController.nib in Resources */ = {isa = PBXBuildFile; fileRef = 1EEB08FAD7D64B0FEF004327 /* QRInputAmountViewController.nib */; };
		1EEB084AF361926D9F27AF39 /* QRButton.nib in Resources */ = {isa = PBXBuildFile; fileRef = 1EEB0C80479B7821198F1F2A /* QRButton.nib */; };
		1EEB086989205C769B713F05 /* BarlowBlack.ttf in Resources */ = {isa = PBXBuildFile; fileRef = 1EEB07C57B8C418BD2D20677 /* BarlowBlack.ttf */; };
		1EEB086AABE9B6DC887FAAA1 /* UI in Resources */ = {isa = PBXBuildFile; fileRef = 1EEB070499EE8F4A367FA82F /* UI */; };
		1EEB087339B208D9CAA0D586 /* Zv5-gp-haN-view-JTc-6i-dsM.nib in Resources */ = {isa = PBXBuildFile; fileRef = 1EEB07FC648774343CA0DB31 /* Zv5-gp-haN-view-JTc-6i-dsM.nib */; };
		1EEB087B876AD8603C353B21 /* QRDetailPaymentTVCellAstrapay.nib in Resources */ = {isa = PBXBuildFile; fileRef = 1EEB0114F8FE4EF45AA1E519 /* QRDetailPaymentTVCellAstrapay.nib */; };
		1EEB0895A001CD1DB5814985 /* QRPLMCDetailPaymentTVCell.nib in Resources */ = {isa = PBXBuildFile; fileRef = 1EEB0BE857180F7636A70770 /* QRPLMCDetailPaymentTVCell.nib */; };
		1EEB0897C5B63128EB977BF9 /* QRDetailTransactionTvCell.nib in Resources */ = {isa = PBXBuildFile; fileRef = 1EEB0A0C5C33EC8A7FA56720 /* QRDetailTransactionTvCell.nib */; };
		1EEB089931DD656FA5366F36 /* QRNominalTransactionTvCell.nib in Resources */ = {isa = PBXBuildFile; fileRef = 1EEB091BA57B9C0422D91583 /* QRNominalTransactionTvCell.nib */; };
		1EEB08A3DBC6C8B592B4871B /* failedLottie.json in Resources */ = {isa = PBXBuildFile; fileRef = 1EEB0BB695463BBC57B38371 /* failedLottie.json */; };
		1EEB08B69AB57055A368B990 /* qris_sdk_astrapay.h in Headers */ = {isa = PBXBuildFile; fileRef = 1EEB050A6C4931FFF3BFAB46 /* qris_sdk_astrapay.h */; };
		1EEB093C4A1218707629D2B0 /* loadingLottie.json in Resources */ = {isa = PBXBuildFile; fileRef = 1EEB0EF967298C6D93C6F203 /* loadingLottie.json */; };
		1EEB0952F237614FC9437C89 /* BarlowMedium.ttf in Resources */ = {isa = PBXBuildFile; fileRef = 1EEB01BA8D2957F66A8D11C4 /* BarlowMedium.ttf */; };
		1EEB095B8B3727CBB78033CD /* QRTransactionDetailViewController.nib in Resources */ = {isa = PBXBuildFile; fileRef = 1EEB097C145D23E341DFFB91 /* QRTransactionDetailViewController.nib */; };
		1EEB09BB776DA030049B0B38 /* BarlowThin.ttf in Resources */ = {isa = PBXBuildFile; fileRef = 1EEB0CD022A26CE3FF01580D /* BarlowThin.ttf */; };
		1EEB09F29184AAAA90BEF2A8 /* qris_sdk_astrapay-Swift.h in Headers */ = {isa = PBXBuildFile; fileRef = 1EEB0C46C4B24C9E9A4FB245 /* qris_sdk_astrapay-Swift.h */; };
		1EEB09FE5197A5A11B9C7428 /* QRViewControllerIdentifier.nib in Resources */ = {isa = PBXBuildFile; fileRef = 1EEB0B6A191207BD887549B3 /* QRViewControllerIdentifier.nib */; };
		1EEB0A0A8600A10E2DAF42F7 /* QRInputAmountViewController.nib in Resources */ = {isa = PBXBuildFile; fileRef = 1EEB0990B1F4DE2B995B1FA5 /* QRInputAmountViewController.nib */; };
		1EEB0A42681C67316B1FD9C4 /* QRPLMaucashQrisWebViewVC.nib in Resources */ = {isa = PBXBuildFile; fileRef = 1EEB01A1979825F16D7BC13F /* QRPLMaucashQrisWebViewVC.nib */; };
		1EEB0A7512B5FC8868F78FFF /* CodeResources in Resources */ = {isa = PBXBuildFile; fileRef = 1EEB085FD2EF8E1EC76C3E10 /* CodeResources */; };
		1EEB0A8B17CD94C4071E8BC8 /* inProgressLottie.json in Resources */ = {isa = PBXBuildFile; fileRef = 1EEB06EBC32F5F70C954C4DC /* inProgressLottie.json */; };
		1EEB0A93FA521F6AAED37DC6 /* QRPLMCSubTenorLoanTVCell.nib in Resources */ = {isa = PBXBuildFile; fileRef = 1EEB0864BADB3D73C5A9403B /* QRPLMCSubTenorLoanTVCell.nib */; };
		1EEB0AC2E4C902D032515EC8 /* BarlowRegular.ttf in Resources */ = {isa = PBXBuildFile; fileRef = 1EEB0590FDA2EAA46124A2D8 /* BarlowRegular.ttf */; };
		1EEB0ACC1635638276D8F7B8 /* QRPLMCTenorLoanTrxTVCell.nib in Resources */ = {isa = PBXBuildFile; fileRef = 1EEB09623391DA5A81F58F83 /* QRPLMCTenorLoanTrxTVCell.nib */; };
		1EEB0AD741610F163B5B7B5E /* arm64-apple-ios.swiftinterface in Resources */ = {isa = PBXBuildFile; fileRef = 1EEB0D816D66FC4391878531 /* arm64-apple-ios.swiftinterface */; };
		1EEB0ADE747A53BD2564FBB4 /* QRPLMCTenorLoanTrxTVCell.nib in Resources */ = {isa = PBXBuildFile; fileRef = 1EEB0DF94CDBD4749AAD9ED2 /* QRPLMCTenorLoanTrxTVCell.nib */; };
		1EEB0ADE9B21B36A2E61FD66 /* QRAPPopUpNoteTransferVC.nib in Resources */ = {isa = PBXBuildFile; fileRef = 1EEB0EDFB4A340448BB6E47A /* QRAPPopUpNoteTransferVC.nib */; };
		1EEB0AFA70673D001918FBED /* QRPLMCDetailLoanTrxView.nib in Resources */ = {isa = PBXBuildFile; fileRef = 1EEB0BAFCDC5D1575C491996 /* QRPLMCDetailLoanTrxView.nib */; };
		1EEB0AFA9B9E294043086AC8 /* InterThin.ttf in Resources */ = {isa = PBXBuildFile; fileRef = 1EEB07C909F4E4B3F169A38E /* InterThin.ttf */; };
		1EEB0B27A0649BA003CE6CA9 /* UI in Resources */ = {isa = PBXBuildFile; fileRef = 1EEB0FBF2DA890155D6FB751 /* UI */; };
		1EEB0B414CCBC48E06E3B147 /* x86_64-apple-ios-simulator.swiftsourceinfo in Resources */ = {isa = PBXBuildFile; fileRef = 1EEB0FD5DAE7D28B548D3778 /* x86_64-apple-ios-simulator.swiftsourceinfo */; };
		1EEB0B4AA8D6658897D8C815 /* module.modulemap in Sources */ = {isa = PBXBuildFile; fileRef = 1EEB065A6A31787F3A691BE1 /* module.modulemap */; };
		1EEB0B7595E290CA7633E81D /* successLottie.json in Resources */ = {isa = PBXBuildFile; fileRef = 1EEB058BDC940B2A8FE44123 /* successLottie.json */; };
		1EEB0B7D5477E8E482342105 /* BarlowLight.ttf in Resources */ = {isa = PBXBuildFile; fileRef = 1EEB0FCAC412485550E85E9A /* BarlowLight.ttf */; };
		1EEB0B84A0CE905BECD4460C /* InterSemiBold.ttf in Resources */ = {isa = PBXBuildFile; fileRef = 1EEB0F54EFC8CBE21BF19E08 /* InterSemiBold.ttf */; };
		1EEB0BB8C70D33E4054F3370 /* BarlowRegular.ttf in Resources */ = {isa = PBXBuildFile; fileRef = 1EEB03AD15A63BE615832974 /* BarlowRegular.ttf */; };
		1EEB0BE45B86F6DC97BF6183 /* BarlowSemiBold.ttf in Resources */ = {isa = PBXBuildFile; fileRef = 1EEB00DFF0D25AB467182F6D /* BarlowSemiBold.ttf */; };
		1EEB0BE5366630D406971BB8 /* QRResultPaymentView.nib in Resources */ = {isa = PBXBuildFile; fileRef = 1EEB0876AFAE93F3B06BFE64 /* QRResultPaymentView.nib */; };
		1EEB0C1359E888FC03D999A9 /* arm64.swiftinterface in Resources */ = {isa = PBXBuildFile; fileRef = 1EEB0E7991002577AD56CC44 /* arm64.swiftinterface */; };
		1EEB0C3C2DD9D9CBEE41D09A /* 5m1-eR-zLb-view-ecu-k9-wND.nib in Resources */ = {isa = PBXBuildFile; fileRef = 1EEB06D8E28400E7FC1B194E /* 5m1-eR-zLb-view-ecu-k9-wND.nib */; };
		1EEB0C5A5441CDE456311634 /* QRPLMCBillDetailPaymentTVCell.nib in Resources */ = {isa = PBXBuildFile; fileRef = 1EEB0FCED376112A0812FCB2 /* QRPLMCBillDetailPaymentTVCell.nib */; };
		1EEB0C675BA93F5FE5AFE0F6 /* QRPopUpOTP.nib in Resources */ = {isa = PBXBuildFile; fileRef = 1EEB098A74C49AED96412915 /* QRPopUpOTP.nib */; };
		1EEB0C6E06AD215050FC5D3C /* QRAPPopUpErrorVC.nib in Resources */ = {isa = PBXBuildFile; fileRef = 1EEB000D3D50F758410A5304 /* QRAPPopUpErrorVC.nib */; };
		1EEB0CB190BABD615543B3FF /* InterMedium.ttf in Resources */ = {isa = PBXBuildFile; fileRef = 1EEB0B4DE73877D4014826BE /* InterMedium.ttf */; };
		1EEB0CD3CE719503B92F37EE /* QRTransactionDetailTopTVCell.nib in Resources */ = {isa = PBXBuildFile; fileRef = 1EEB0186FFE20EE8CB56532F /* QRTransactionDetailTopTVCell.nib */; };
		1EEB0CD8F9E731203540E09C /* QRTransactionDetailViewController.nib in Resources */ = {isa = PBXBuildFile; fileRef = 1EEB0D422F8DFF67A5E267FE /* QRTransactionDetailViewController.nib */; };
		1EEB0CF8C3D70F47506A7FA1 /* x86_64-apple-ios-simulator.swiftdoc in Resources */ = {isa = PBXBuildFile; fileRef = 1EEB0E9908F823875BF8B314 /* x86_64-apple-ios-simulator.swiftdoc */; };
		1EEB0D1213A73758A62855D2 /* InterExtraBold.ttf in Resources */ = {isa = PBXBuildFile; fileRef = 1EEB078F8BE2CFA75FC30069 /* InterExtraBold.ttf */; };
		1EEB0D33D9A62FF4567E856A /* arm64.swiftsourceinfo in Resources */ = {isa = PBXBuildFile; fileRef = 1EEB0959A42F4DE83B5A175A /* arm64.swiftsourceinfo */; };
		1EEB0D766A0487CDF42CEDA1 /* QRMerchantInfoTvCell.nib in Resources */ = {isa = PBXBuildFile; fileRef = 1EEB0CA583115A83EF04D161 /* QRMerchantInfoTvCell.nib */; };
		1EEB0D924AF69E67375899AE /* QRPLMCBillDetailPaymentTVCell.nib in Resources */ = {isa = PBXBuildFile; fileRef = 1EEB01071EC3EEE22663F30E /* QRPLMCBillDetailPaymentTVCell.nib */; };
		1EEB0D949A14FF04D5BD996A /* QRViewController.nib in Resources */ = {isa = PBXBuildFile; fileRef = 1EEB06DA8FBB4F053F79617E /* QRViewController.nib */; };
		1EEB0DD43A1B297DBBA15EF3 /* QRTransactionDetailMiddleTVCell.nib in Resources */ = {isa = PBXBuildFile; fileRef = 1EEB01A1614DE7CEC163B234 /* QRTransactionDetailMiddleTVCell.nib */; };
		1EEB0DDAEFBB2EFAD36B97F2 /* QRLoadingStateView.nib in Resources */ = {isa = PBXBuildFile; fileRef = 1EEB034B7FF2669673AA4938 /* QRLoadingStateView.nib */; };
		1EEB0DE3E930B856A3AC066D /* QRPopUp.nib in Resources */ = {isa = PBXBuildFile; fileRef = 1EEB0FDFC7C93CBA3CE52F3D /* QRPopUp.nib */; };
		1EEB0DF80129CB2960A61CCA /* qris_sdk_astrapay.h in Headers */ = {isa = PBXBuildFile; fileRef = 1EEB084FF3581B3C1ABE2C25 /* qris_sdk_astrapay.h */; };
		1EEB0E02B11D55FC6B299594 /* BarlowMedium.ttf in Resources */ = {isa = PBXBuildFile; fileRef = 1EEB01D4AF9298330F8EA04A /* BarlowMedium.ttf */; };
		1EEB0E23CD7EDAA12478C23C /* QRTrxDetailItemTVCell.nib in Resources */ = {isa = PBXBuildFile; fileRef = 1EEB04EA28310098A7B03273 /* QRTrxDetailItemTVCell.nib */; };
		1EEB0E3B50773AA547F4F2A1 /* scan.json in Resources */ = {isa = PBXBuildFile; fileRef = 1EEB0B055ECA5C663A3A66C6 /* scan.json */; };
		1EEB0E41576A3D347118A00C /* BarlowBold.ttf in Resources */ = {isa = PBXBuildFile; fileRef = 1EEB01AB0EBB864E1FE7AB74 /* BarlowBold.ttf */; };
		1EEB0E4C78D842C41BBEE49F /* QRPLMCDetailLoanTVCell.nib in Resources */ = {isa = PBXBuildFile; fileRef = 1EEB096A7797C588EF03FCE6 /* QRPLMCDetailLoanTVCell.nib */; };
		1EEB0E6D1D1EDF74D786694A /* qris_sdk_astrapay.podspec in Resources */ = {isa = PBXBuildFile; fileRef = 1EEB0D92FD047445BF404AC6 /* qris_sdk_astrapay.podspec */; };
		1EEB0E70D781931505E23507 /* arm64-apple-ios.swiftsourceinfo in Resources */ = {isa = PBXBuildFile; fileRef = 1EEB01BE4C355EEECB4BA871 /* arm64-apple-ios.swiftsourceinfo */; };
		1EEB0E7E3247AD30ED4F07F1 /* BarlowBold.ttf in Resources */ = {isa = PBXBuildFile; fileRef = 1EEB0430A5F17054A46E968E /* BarlowBold.ttf */; };
		1EEB0EC110363002E37D04AD /* module.modulemap in Sources */ = {isa = PBXBuildFile; fileRef = 1EEB08C2828F55802C6782CC /* module.modulemap */; };
		1EEB0EDFFCFB541A894D55FE /* InterExtraLight.ttf in Resources */ = {isa = PBXBuildFile; fileRef = 1EEB0B84AA193AF445562417 /* InterExtraLight.ttf */; };
		1EEB0EEE02B163D4E3756A2F /* BarlowExtraBold.ttf in Resources */ = {isa = PBXBuildFile; fileRef = 1EEB09E1C4556BA2F7B2F83D /* BarlowExtraBold.ttf */; };
		1EEB0EF1135FE14920854692 /* loadingLottie.json in Resources */ = {isa = PBXBuildFile; fileRef = 1EEB0C0F5BAD6E120073C24E /* loadingLottie.json */; };
		1EEB0F0079F9EC75B40D09E7 /* InterThin.ttf in Resources */ = {isa = PBXBuildFile; fileRef = 1EEB01538E5FB49D45463ACB /* InterThin.ttf */; };
		1EEB0F1595F932C50D654711 /* QRDetailTransactionTvCell.nib in Resources */ = {isa = PBXBuildFile; fileRef = 1EEB047C9698ECE9353BD506 /* QRDetailTransactionTvCell.nib */; };
		1EEB0F2EC645744B6DECACD7 /* QRPLMaucashQrisLoanTrxVC.nib in Resources */ = {isa = PBXBuildFile; fileRef = 1EEB0B3FA0435FAF8D5187AD /* QRPLMaucashQrisLoanTrxVC.nib */; };
		1EEB0F44E70E1123288E289F /* InterBold.ttf in Resources */ = {isa = PBXBuildFile; fileRef = 1EEB09126E14F21488443ECF /* InterBold.ttf */; };
		1EEB0F503A75082D90A5E553 /* inProgressLottie.json in Resources */ = {isa = PBXBuildFile; fileRef = 1EEB0D92291D3FBE319DB794 /* inProgressLottie.json */; };
		1EEB0F7535054287D239BC08 /* qRNewTransactionFlowViewControllerIdentifier.nib in Resources */ = {isa = PBXBuildFile; fileRef = 1EEB076ACA30DB3943884E61 /* qRNewTransactionFlowViewControllerIdentifier.nib */; };
		1EEB0F8EA844EB848AA4C12F /* Zv5-gp-haN-view-JTc-6i-dsM.nib in Resources */ = {isa = PBXBuildFile; fileRef = 1EEB001F1F8BD6B030769356 /* Zv5-gp-haN-view-JTc-6i-dsM.nib */; };
		1EEB0F9A9F13EF0D13C7A752 /* QRCameraControlView.nib in Resources */ = {isa = PBXBuildFile; fileRef = 1EEB07BE8C9558BDDE84A42E /* QRCameraControlView.nib */; };
		1EEB0F9C6844EDEE94547DB4 /* Info.plist in Resources */ = {isa = PBXBuildFile; fileRef = 1EEB085A3D9ADA8199176343 /* Info.plist */; };
		1EEB0FB6AEE4B5D04D8E2D94 /* QRDetailPaymentTVCellAstrapay.nib in Resources */ = {isa = PBXBuildFile; fileRef = 1EEB0C99D7C44A58FA5E53DF /* QRDetailPaymentTVCellAstrapay.nib */; };
		1EEB0FE882309D0526311571 /* QRAPPopUpNoteTransferVC.nib in Resources */ = {isa = PBXBuildFile; fileRef = 1EEB025B42067FE8E57623B4 /* QRAPPopUpNoteTransferVC.nib */; };
/* End PBXBuildFile section */

/* Begin PBXFileReference section */
		0DB7E36627FBE3DB0090FA75 /* qris_sdk_astrapay.framework */ = {isa = PBXFileReference; explicitFileType = wrapper.framework; includeInIndex = 0; path = qris_sdk_astrapay.framework; sourceTree = BUILT_PRODUCTS_DIR; };
		0DB7E36927FBE3DB0090FA75 /* qris_sdk_astrapay.h */ = {isa = PBXFileReference; lastKnownFileType = sourcecode.c.h; path = qris_sdk_astrapay.h; sourceTree = "<group>"; };
		0DB7E36A27FBE3DB0090FA75 /* qris_sdk_astrapay.docc */ = {isa = PBXFileReference; lastKnownFileType = folder.documentationcatalog; path = qris_sdk_astrapay.docc; sourceTree = "<group>"; };
		1EEB00014BFB6E6414916633 /* QRPLMCDetailPaymentView.nib */ = {isa = PBXFileReference; lastKnownFileType = wrapper.nib; path = QRPLMCDetailPaymentView.nib; sourceTree = "<group>"; };
		1EEB000D3D50F758410A5304 /* QRAPPopUpErrorVC.nib */ = {isa = PBXFileReference; lastKnownFileType = wrapper.nib; path = QRAPPopUpErrorVC.nib; sourceTree = "<group>"; };
		1EEB001F1F8BD6B030769356 /* Zv5-gp-haN-view-JTc-6i-dsM.nib */ = {isa = PBXFileReference; lastKnownFileType = wrapper.nib; path = "Zv5-gp-haN-view-JTc-6i-dsM.nib"; sourceTree = "<group>"; };
		1EEB002416018EDF0E7F4F4F /* Info.plist */ = {isa = PBXFileReference; fileEncoding = 4; lastKnownFileType = text.plist.info; path = Info.plist; sourceTree = "<group>"; };
		1EEB004093EDC7EF147B5FF3 /* QRLottieAnimationView.nib */ = {isa = PBXFileReference; lastKnownFileType = wrapper.nib; path = QRLottieAnimationView.nib; sourceTree = "<group>"; };
		1EEB0071948E38E82F8038BA /* QRAPCustomKeyboardAtom.nib */ = {isa = PBXFileReference; lastKnownFileType = wrapper.nib; path = QRAPCustomKeyboardAtom.nib; sourceTree = "<group>"; };
		1EEB00B42059B288CF3920BA /* InterMedium.ttf */ = {isa = PBXFileReference; lastKnownFileType = file.ttf; path = InterMedium.ttf; sourceTree = "<group>"; };
		1EEB00DFF0D25AB467182F6D /* BarlowSemiBold.ttf */ = {isa = PBXFileReference; lastKnownFileType = file.ttf; path = BarlowSemiBold.ttf; sourceTree = "<group>"; };
		1EEB00E1FA5B87B206988B17 /* x86_64-apple-ios-simulator.swiftinterface */ = {isa = PBXFileReference; lastKnownFileType = file.swiftinterface; path = "x86_64-apple-ios-simulator.swiftinterface"; sourceTree = "<group>"; };
		1EEB00FAC0C5A34025CF1B11 /* InterLight.ttf */ = {isa = PBXFileReference; lastKnownFileType = file.ttf; path = InterLight.ttf; sourceTree = "<group>"; };
		1EEB01071EC3EEE22663F30E /* QRPLMCBillDetailPaymentTVCell.nib */ = {isa = PBXFileReference; lastKnownFileType = wrapper.nib; path = QRPLMCBillDetailPaymentTVCell.nib; sourceTree = "<group>"; };
		1EEB0114F8FE4EF45AA1E519 /* QRDetailPaymentTVCellAstrapay.nib */ = {isa = PBXFileReference; lastKnownFileType = wrapper.nib; path = QRDetailPaymentTVCellAstrapay.nib; sourceTree = "<group>"; };
		1EEB01538E5FB49D45463ACB /* InterThin.ttf */ = {isa = PBXFileReference; lastKnownFileType = file.ttf; path = InterThin.ttf; sourceTree = "<group>"; };
		1EEB016CCD6B5D7D37A89A05 /* CodeResources */ = {isa = PBXFileReference; fileEncoding = 4; lastKnownFileType = text; path = CodeResources; sourceTree = "<group>"; };
		1EEB0186FFE20EE8CB56532F /* QRTransactionDetailTopTVCell.nib */ = {isa = PBXFileReference; lastKnownFileType = wrapper.nib; path = QRTransactionDetailTopTVCell.nib; sourceTree = "<group>"; };
		1EEB01A1614DE7CEC163B234 /* QRTransactionDetailMiddleTVCell.nib */ = {isa = PBXFileReference; lastKnownFileType = wrapper.nib; path = QRTransactionDetailMiddleTVCell.nib; sourceTree = "<group>"; };
		1EEB01A1979825F16D7BC13F /* QRPLMaucashQrisWebViewVC.nib */ = {isa = PBXFileReference; lastKnownFileType = wrapper.nib; path = QRPLMaucashQrisWebViewVC.nib; sourceTree = "<group>"; };
		1EEB01AB0EBB864E1FE7AB74 /* BarlowBold.ttf */ = {isa = PBXFileReference; lastKnownFileType = file.ttf; path = BarlowBold.ttf; sourceTree = "<group>"; };
		1EEB01BA8D2957F66A8D11C4 /* BarlowMedium.ttf */ = {isa = PBXFileReference; lastKnownFileType = file.ttf; path = BarlowMedium.ttf; sourceTree = "<group>"; };
		1EEB01BCD2AF9D3CE2FBF5D2 /* QRViewControllerIdentifier.nib */ = {isa = PBXFileReference; lastKnownFileType = wrapper.nib; path = QRViewControllerIdentifier.nib; sourceTree = "<group>"; };
		1EEB01BE4C355EEECB4BA871 /* arm64-apple-ios.swiftsourceinfo */ = {isa = PBXFileReference; lastKnownFileType = file.swiftsourceinfo; path = "arm64-apple-ios.swiftsourceinfo"; sourceTree = "<group>"; };
		1EEB01D29B4735E21739371F /* QRViewController.nib */ = {isa = PBXFileReference; lastKnownFileType = wrapper.nib; path = QRViewController.nib; sourceTree = "<group>"; };
		1EEB01D4AF9298330F8EA04A /* BarlowMedium.ttf */ = {isa = PBXFileReference; lastKnownFileType = file.ttf; path = BarlowMedium.ttf; sourceTree = "<group>"; };
		1EEB0224F395F0D4A37AA783 /* arm64-apple-ios.swiftdoc */ = {isa = PBXFileReference; lastKnownFileType = file.swiftdoc; path = "arm64-apple-ios.swiftdoc"; sourceTree = "<group>"; };
		1EEB022FF53364B982B3A53F /* QRPLMCDetailPaymentTVCell.nib */ = {isa = PBXFileReference; lastKnownFileType = wrapper.nib; path = QRPLMCDetailPaymentTVCell.nib; sourceTree = "<group>"; };
		1EEB0235FF0A033BF696BE20 /* x86_64.swiftsourceinfo */ = {isa = PBXFileReference; lastKnownFileType = file.swiftsourceinfo; path = x86_64.swiftsourceinfo; sourceTree = "<group>"; };
		1EEB025B42067FE8E57623B4 /* QRAPPopUpNoteTransferVC.nib */ = {isa = PBXFileReference; lastKnownFileType = wrapper.nib; path = QRAPPopUpNoteTransferVC.nib; sourceTree = "<group>"; };
		1EEB02B61F3DE870D7D087C5 /* QRPopUpPIN.nib */ = {isa = PBXFileReference; lastKnownFileType = wrapper.nib; path = QRPopUpPIN.nib; sourceTree = "<group>"; };
		1EEB02CE0BC023846BC7BF5B /* QRAPCustomKeyboardAtom.nib */ = {isa = PBXFileReference; lastKnownFileType = wrapper.nib; path = QRAPCustomKeyboardAtom.nib; sourceTree = "<group>"; };
		1EEB02F44233E8F6DF844238 /* QRPopUpPIN.nib */ = {isa = PBXFileReference; lastKnownFileType = wrapper.nib; path = QRPopUpPIN.nib; sourceTree = "<group>"; };
		1EEB02FE41401355448EF334 /* QRNewTransactionFlowViewController.nib */ = {isa = PBXFileReference; lastKnownFileType = wrapper.nib; path = QRNewTransactionFlowViewController.nib; sourceTree = "<group>"; };
		1EEB032808157177E8DDC735 /* QRPLMaucashQrisWebViewVC.nib */ = {isa = PBXFileReference; lastKnownFileType = wrapper.nib; path = QRPLMaucashQrisWebViewVC.nib; sourceTree = "<group>"; };
		1EEB034B7FF2669673AA4938 /* QRLoadingStateView.nib */ = {isa = PBXFileReference; lastKnownFileType = wrapper.nib; path = QRLoadingStateView.nib; sourceTree = "<group>"; };
		1EEB0354ADF2A4249FE5E67C /* InterRegular.ttf */ = {isa = PBXFileReference; lastKnownFileType = file.ttf; path = InterRegular.ttf; sourceTree = "<group>"; };
		1EEB03AD15A63BE615832974 /* BarlowRegular.ttf */ = {isa = PBXFileReference; lastKnownFileType = file.ttf; path = BarlowRegular.ttf; sourceTree = "<group>"; };
		1EEB03B5EA69F60F2207702D /* QRCameraControlView.nib */ = {isa = PBXFileReference; lastKnownFileType = wrapper.nib; path = QRCameraControlView.nib; sourceTree = "<group>"; };
		1EEB03C3AFC8952C2C170E0E /* BarlowExtraLight.ttf */ = {isa = PBXFileReference; lastKnownFileType = file.ttf; path = BarlowExtraLight.ttf; sourceTree = "<group>"; };
		1EEB03F76F160555A40EA5B1 /* QRTrxDetailItemTVCell.nib */ = {isa = PBXFileReference; lastKnownFileType = wrapper.nib; path = QRTrxDetailItemTVCell.nib; sourceTree = "<group>"; };
		1EEB0413BEE6D093B06B0DC0 /* QRAPImageKeyboardAtom.nib */ = {isa = PBXFileReference; lastKnownFileType = wrapper.nib; path = QRAPImageKeyboardAtom.nib; sourceTree = "<group>"; };
		1EEB0430A5F17054A46E968E /* BarlowBold.ttf */ = {isa = PBXFileReference; lastKnownFileType = file.ttf; path = BarlowBold.ttf; sourceTree = "<group>"; };
		1EEB047C9698ECE9353BD506 /* QRDetailTransactionTvCell.nib */ = {isa = PBXFileReference; lastKnownFileType = wrapper.nib; path = QRDetailTransactionTvCell.nib; sourceTree = "<group>"; };
		1EEB04B60D02FED59F568FEA /* QRResultPaymentView.nib */ = {isa = PBXFileReference; lastKnownFileType = wrapper.nib; path = QRResultPaymentView.nib; sourceTree = "<group>"; };
		1EEB04C118EBC2459B669E78 /* failedLottie.json */ = {isa = PBXFileReference; fileEncoding = 4; lastKnownFileType = text.json; path = failedLottie.json; sourceTree = "<group>"; };
		1EEB04EA28310098A7B03273 /* QRTrxDetailItemTVCell.nib */ = {isa = PBXFileReference; lastKnownFileType = wrapper.nib; path = QRTrxDetailItemTVCell.nib; sourceTree = "<group>"; };
		1EEB050A6C4931FFF3BFAB46 /* qris_sdk_astrapay.h */ = {isa = PBXFileReference; fileEncoding = 4; lastKnownFileType = sourcecode.c.h; path = qris_sdk_astrapay.h; sourceTree = "<group>"; };
		1EEB0525C258FC90DA507A8F /* InterLight.ttf */ = {isa = PBXFileReference; lastKnownFileType = file.ttf; path = InterLight.ttf; sourceTree = "<group>"; };
		1EEB054269BED6F5F2FA99C7 /* QRDetailPaymentTvCell.nib */ = {isa = PBXFileReference; lastKnownFileType = wrapper.nib; path = QRDetailPaymentTvCell.nib; sourceTree = "<group>"; };
		1EEB058BDC940B2A8FE44123 /* successLottie.json */ = {isa = PBXFileReference; fileEncoding = 4; lastKnownFileType = text.json; path = successLottie.json; sourceTree = "<group>"; };
		1EEB0590FDA2EAA46124A2D8 /* BarlowRegular.ttf */ = {isa = PBXFileReference; lastKnownFileType = file.ttf; path = BarlowRegular.ttf; sourceTree = "<group>"; };
		1EEB0594F70A9C2468C9C7BD /* QRPLMCSubTenorLoanTVCell.nib */ = {isa = PBXFileReference; lastKnownFileType = wrapper.nib; path = QRPLMCSubTenorLoanTVCell.nib; sourceTree = "<group>"; };
		1EEB05FFB6A8D64D00D21367 /* InterBlack.ttf */ = {isa = PBXFileReference; lastKnownFileType = file.ttf; path = InterBlack.ttf; sourceTree = "<group>"; };
		1EEB06447E7EBD1EED3C8218 /* QRAPPopUpErrorVC.nib */ = {isa = PBXFileReference; lastKnownFileType = wrapper.nib; path = QRAPPopUpErrorVC.nib; sourceTree = "<group>"; };
		1EEB065A6A31787F3A691BE1 /* module.modulemap */ = {isa = PBXFileReference; fileEncoding = 4; lastKnownFileType = "sourcecode.module-map"; path = module.modulemap; sourceTree = "<group>"; };
		1EEB066C613E8918FCB6990F /* InterRegular.ttf */ = {isa = PBXFileReference; lastKnownFileType = file.ttf; path = InterRegular.ttf; sourceTree = "<group>"; };
		1EEB06ABA57C93C56C09A7A6 /* InterSemiBold.ttf */ = {isa = PBXFileReference; lastKnownFileType = file.ttf; path = InterSemiBold.ttf; sourceTree = "<group>"; };
		1EEB06D8E28400E7FC1B194E /* 5m1-eR-zLb-view-ecu-k9-wND.nib */ = {isa = PBXFileReference; lastKnownFileType = wrapper.nib; path = "5m1-eR-zLb-view-ecu-k9-wND.nib"; sourceTree = "<group>"; };
		1EEB06DA8FBB4F053F79617E /* QRViewController.nib */ = {isa = PBXFileReference; lastKnownFileType = wrapper.nib; path = QRViewController.nib; sourceTree = "<group>"; };
		1EEB06DED2BB7E36DED7CC77 /* InterBold.ttf */ = {isa = PBXFileReference; lastKnownFileType = file.ttf; path = InterBold.ttf; sourceTree = "<group>"; };
		1EEB06EBC32F5F70C954C4DC /* inProgressLottie.json */ = {isa = PBXFileReference; fileEncoding = 4; lastKnownFileType = text.json; path = inProgressLottie.json; sourceTree = "<group>"; };
		1EEB070499EE8F4A367FA82F /* UI */ = {isa = PBXFileReference; fileEncoding = 4; lastKnownFileType = text; path = UI; sourceTree = "<group>"; };
		1EEB07334B73527AF6448F49 /* qRNewTransactionFlowViewControllerIdentifier.nib */ = {isa = PBXFileReference; lastKnownFileType = wrapper.nib; path = qRNewTransactionFlowViewControllerIdentifier.nib; sourceTree = "<group>"; };
		1EEB075474728D042E34CCC4 /* QRTransactionDetailMiddleTVCell.nib */ = {isa = PBXFileReference; lastKnownFileType = wrapper.nib; path = QRTransactionDetailMiddleTVCell.nib; sourceTree = "<group>"; };
		1EEB076ACA30DB3943884E61 /* qRNewTransactionFlowViewControllerIdentifier.nib */ = {isa = PBXFileReference; lastKnownFileType = wrapper.nib; path = qRNewTransactionFlowViewControllerIdentifier.nib; sourceTree = "<group>"; };
		1EEB076F20D2FC118CF3B81B /* QRNominalTransactionTvCell.nib */ = {isa = PBXFileReference; lastKnownFileType = wrapper.nib; path = QRNominalTransactionTvCell.nib; sourceTree = "<group>"; };
		1EEB078F8BE2CFA75FC30069 /* InterExtraBold.ttf */ = {isa = PBXFileReference; lastKnownFileType = file.ttf; path = InterExtraBold.ttf; sourceTree = "<group>"; };
		1EEB0795F3CD7B8E8D29FB8D /* 5m1-eR-zLb-view-ecu-k9-wND.nib */ = {isa = PBXFileReference; lastKnownFileType = wrapper.nib; path = "5m1-eR-zLb-view-ecu-k9-wND.nib"; sourceTree = "<group>"; };
		1EEB07A6BA71937E33F95D44 /* QRLoadingStateView.nib */ = {isa = PBXFileReference; lastKnownFileType = wrapper.nib; path = QRLoadingStateView.nib; sourceTree = "<group>"; };
		1EEB07BE8C9558BDDE84A42E /* QRCameraControlView.nib */ = {isa = PBXFileReference; lastKnownFileType = wrapper.nib; path = QRCameraControlView.nib; sourceTree = "<group>"; };
		1EEB07C57B8C418BD2D20677 /* BarlowBlack.ttf */ = {isa = PBXFileReference; lastKnownFileType = file.ttf; path = BarlowBlack.ttf; sourceTree = "<group>"; };
		1EEB07C909F4E4B3F169A38E /* InterThin.ttf */ = {isa = PBXFileReference; lastKnownFileType = file.ttf; path = InterThin.ttf; sourceTree = "<group>"; };
		1EEB07D01DB49A425050BD6E /* QRInputKeyboardView.nib */ = {isa = PBXFileReference; lastKnownFileType = wrapper.nib; path = QRInputKeyboardView.nib; sourceTree = "<group>"; };
		1EEB07D8BF2E1FC0B5D7F2C6 /* QRTransactionDetailBottomTVCell.nib */ = {isa = PBXFileReference; lastKnownFileType = wrapper.nib; path = QRTransactionDetailBottomTVCell.nib; sourceTree = "<group>"; };
		1EEB07E1379ED0BA997AD63D /* BarlowExtraLight.ttf */ = {isa = PBXFileReference; lastKnownFileType = file.ttf; path = BarlowExtraLight.ttf; sourceTree = "<group>"; };
		1EEB07F6120DA8B6D3A3C326 /* QRPLMaucashQrisLoanTrxVC.nib */ = {isa = PBXFileReference; lastKnownFileType = wrapper.nib; path = QRPLMaucashQrisLoanTrxVC.nib; sourceTree = "<group>"; };
		1EEB07FC648774343CA0DB31 /* Zv5-gp-haN-view-JTc-6i-dsM.nib */ = {isa = PBXFileReference; lastKnownFileType = wrapper.nib; path = "Zv5-gp-haN-view-JTc-6i-dsM.nib"; sourceTree = "<group>"; };
		1EEB084FF276E18C7F48CEBB /* QRPopUpMessage.nib */ = {isa = PBXFileReference; lastKnownFileType = wrapper.nib; path = QRPopUpMessage.nib; sourceTree = "<group>"; };
		1EEB084FF3581B3C1ABE2C25 /* qris_sdk_astrapay.h */ = {isa = PBXFileReference; fileEncoding = 4; lastKnownFileType = sourcecode.c.h; path = qris_sdk_astrapay.h; sourceTree = "<group>"; };
		1EEB085A3D9ADA8199176343 /* Info.plist */ = {isa = PBXFileReference; fileEncoding = 4; lastKnownFileType = text.plist.info; path = Info.plist; sourceTree = "<group>"; };
		1EEB085FD2EF8E1EC76C3E10 /* CodeResources */ = {isa = PBXFileReference; fileEncoding = 4; lastKnownFileType = text; path = CodeResources; sourceTree = "<group>"; };
		1EEB0864BADB3D73C5A9403B /* QRPLMCSubTenorLoanTVCell.nib */ = {isa = PBXFileReference; lastKnownFileType = wrapper.nib; path = QRPLMCSubTenorLoanTVCell.nib; sourceTree = "<group>"; };
		1EEB0876AFAE93F3B06BFE64 /* QRResultPaymentView.nib */ = {isa = PBXFileReference; lastKnownFileType = wrapper.nib; path = QRResultPaymentView.nib; sourceTree = "<group>"; };
		1EEB08A82B04A56263D2E53D /* x86_64.swiftdoc */ = {isa = PBXFileReference; lastKnownFileType = file.swiftdoc; path = x86_64.swiftdoc; sourceTree = "<group>"; };
		1EEB08BF64F35354A38CDE77 /* Info.plist */ = {isa = PBXFileReference; fileEncoding = 4; lastKnownFileType = text.plist.info; path = Info.plist; sourceTree = "<group>"; };
		1EEB08C2828F55802C6782CC /* module.modulemap */ = {isa = PBXFileReference; fileEncoding = 4; lastKnownFileType = "sourcecode.module-map"; path = module.modulemap; sourceTree = "<group>"; };
		1EEB08FAD7D64B0FEF004327 /* QRInputAmountViewController.nib */ = {isa = PBXFileReference; lastKnownFileType = wrapper.nib; path = QRInputAmountViewController.nib; sourceTree = "<group>"; };
		1EEB09126E14F21488443ECF /* InterBold.ttf */ = {isa = PBXFileReference; lastKnownFileType = file.ttf; path = InterBold.ttf; sourceTree = "<group>"; };
		1EEB091BA57B9C0422D91583 /* QRNominalTransactionTvCell.nib */ = {isa = PBXFileReference; lastKnownFileType = wrapper.nib; path = QRNominalTransactionTvCell.nib; sourceTree = "<group>"; };
		1EEB091E48A65CB80AB93543 /* QRAPButtonAtom.nib */ = {isa = PBXFileReference; lastKnownFileType = wrapper.nib; path = QRAPButtonAtom.nib; sourceTree = "<group>"; };
		1EEB093D732840C6949645DB /* successLottie.json */ = {isa = PBXFileReference; fileEncoding = 4; lastKnownFileType = text.json; path = successLottie.json; sourceTree = "<group>"; };
		1EEB0959A42F4DE83B5A175A /* arm64.swiftsourceinfo */ = {isa = PBXFileReference; lastKnownFileType = file.swiftsourceinfo; path = arm64.swiftsourceinfo; sourceTree = "<group>"; };
		1EEB09623391DA5A81F58F83 /* QRPLMCTenorLoanTrxTVCell.nib */ = {isa = PBXFileReference; lastKnownFileType = wrapper.nib; path = QRPLMCTenorLoanTrxTVCell.nib; sourceTree = "<group>"; };
		1EEB09623FC77D10A4599886 /* QRDetailPaymentTvCell.nib */ = {isa = PBXFileReference; lastKnownFileType = wrapper.nib; path = QRDetailPaymentTvCell.nib; sourceTree = "<group>"; };
		1EEB096A7797C588EF03FCE6 /* QRPLMCDetailLoanTVCell.nib */ = {isa = PBXFileReference; lastKnownFileType = wrapper.nib; path = QRPLMCDetailLoanTVCell.nib; sourceTree = "<group>"; };
		1EEB097C145D23E341DFFB91 /* QRTransactionDetailViewController.nib */ = {isa = PBXFileReference; lastKnownFileType = wrapper.nib; path = QRTransactionDetailViewController.nib; sourceTree = "<group>"; };
		1EEB098A74C49AED96412915 /* QRPopUpOTP.nib */ = {isa = PBXFileReference; lastKnownFileType = wrapper.nib; path = QRPopUpOTP.nib; sourceTree = "<group>"; };
		1EEB0990B1F4DE2B995B1FA5 /* QRInputAmountViewController.nib */ = {isa = PBXFileReference; lastKnownFileType = wrapper.nib; path = QRInputAmountViewController.nib; sourceTree = "<group>"; };
		1EEB09A885161803DD516DD6 /* QRTransactionDetailTopTVCell.nib */ = {isa = PBXFileReference; lastKnownFileType = wrapper.nib; path = QRTransactionDetailTopTVCell.nib; sourceTree = "<group>"; };
		1EEB09CD2B7D90EC29015CEB /* QRPopUpMessage.nib */ = {isa = PBXFileReference; lastKnownFileType = wrapper.nib; path = QRPopUpMessage.nib; sourceTree = "<group>"; };
		1EEB09E1C4556BA2F7B2F83D /* BarlowExtraBold.ttf */ = {isa = PBXFileReference; lastKnownFileType = file.ttf; path = BarlowExtraBold.ttf; sourceTree = "<group>"; };
		1EEB09F1DA3CB254EC858DEC /* QRTransactionDetailBottomTVCell.nib */ = {isa = PBXFileReference; lastKnownFileType = wrapper.nib; path = QRTransactionDetailBottomTVCell.nib; sourceTree = "<group>"; };
		1EEB0A0C5C33EC8A7FA56720 /* QRDetailTransactionTvCell.nib */ = {isa = PBXFileReference; lastKnownFileType = wrapper.nib; path = QRDetailTransactionTvCell.nib; sourceTree = "<group>"; };
		1EEB0A0CAA1A67E3AE4F9F40 /* QRPopUpOTP.nib */ = {isa = PBXFileReference; lastKnownFileType = wrapper.nib; path = QRPopUpOTP.nib; sourceTree = "<group>"; };
		1EEB0A9EF949BF6FD8AF3E3C /* QRLottieAnimationView.nib */ = {isa = PBXFileReference; lastKnownFileType = wrapper.nib; path = QRLottieAnimationView.nib; sourceTree = "<group>"; };
		1EEB0AAD501386F2C47A5129 /* QRInputKeyboardView.nib */ = {isa = PBXFileReference; lastKnownFileType = wrapper.nib; path = QRInputKeyboardView.nib; sourceTree = "<group>"; };
		1EEB0ACF8DD7E77F675BFCC9 /* InterExtraLight.ttf */ = {isa = PBXFileReference; lastKnownFileType = file.ttf; path = InterExtraLight.ttf; sourceTree = "<group>"; };
		1EEB0AED4656D2A49DE4D3B0 /* BarlowThin.ttf */ = {isa = PBXFileReference; lastKnownFileType = file.ttf; path = BarlowThin.ttf; sourceTree = "<group>"; };
		1EEB0B055ECA5C663A3A66C6 /* scan.json */ = {isa = PBXFileReference; fileEncoding = 4; lastKnownFileType = text.json; path = scan.json; sourceTree = "<group>"; };
		1EEB0B15C19C0671B2A59CBA /* QRTransactionIsProcessView.nib */ = {isa = PBXFileReference; lastKnownFileType = wrapper.nib; path = QRTransactionIsProcessView.nib; sourceTree = "<group>"; };
		1EEB0B270A05599A4658443E /* QRPLMCDetailLoanTrxView.nib */ = {isa = PBXFileReference; lastKnownFileType = wrapper.nib; path = QRPLMCDetailLoanTrxView.nib; sourceTree = "<group>"; };
		1EEB0B286FE31C3D32079AEE /* QRPopUp.nib */ = {isa = PBXFileReference; lastKnownFileType = wrapper.nib; path = QRPopUp.nib; sourceTree = "<group>"; };
		1EEB0B3FA0435FAF8D5187AD /* QRPLMaucashQrisLoanTrxVC.nib */ = {isa = PBXFileReference; lastKnownFileType = wrapper.nib; path = QRPLMaucashQrisLoanTrxVC.nib; sourceTree = "<group>"; };
		1EEB0B4DE73877D4014826BE /* InterMedium.ttf */ = {isa = PBXFileReference; lastKnownFileType = file.ttf; path = InterMedium.ttf; sourceTree = "<group>"; };
		1EEB0B6A191207BD887549B3 /* QRViewControllerIdentifier.nib */ = {isa = PBXFileReference; lastKnownFileType = wrapper.nib; path = QRViewControllerIdentifier.nib; sourceTree = "<group>"; };
		1EEB0B81411F239031929356 /* BarlowSemiBold.ttf */ = {isa = PBXFileReference; lastKnownFileType = file.ttf; path = BarlowSemiBold.ttf; sourceTree = "<group>"; };
		1EEB0B84AA193AF445562417 /* InterExtraLight.ttf */ = {isa = PBXFileReference; lastKnownFileType = file.ttf; path = InterExtraLight.ttf; sourceTree = "<group>"; };
		1EEB0B99846EBF9A72C6BCCE /* qris_sdk_astrapay-Swift.h */ = {isa = PBXFileReference; fileEncoding = 4; lastKnownFileType = sourcecode.c.h; path = "qris_sdk_astrapay-Swift.h"; sourceTree = "<group>"; };
		1EEB0BAFCDC5D1575C491996 /* QRPLMCDetailLoanTrxView.nib */ = {isa = PBXFileReference; lastKnownFileType = wrapper.nib; path = QRPLMCDetailLoanTrxView.nib; sourceTree = "<group>"; };
		1EEB0BB695463BBC57B38371 /* failedLottie.json */ = {isa = PBXFileReference; fileEncoding = 4; lastKnownFileType = text.json; path = failedLottie.json; sourceTree = "<group>"; };
		1EEB0BE018575FD1992A536B /* Info.plist */ = {isa = PBXFileReference; fileEncoding = 4; lastKnownFileType = text.plist.info; path = Info.plist; sourceTree = "<group>"; };
		1EEB0BE857180F7636A70770 /* QRPLMCDetailPaymentTVCell.nib */ = {isa = PBXFileReference; lastKnownFileType = wrapper.nib; path = QRPLMCDetailPaymentTVCell.nib; sourceTree = "<group>"; };
		1EEB0BFDB887D2C55C9671B0 /* BarlowBlack.ttf */ = {isa = PBXFileReference; lastKnownFileType = file.ttf; path = BarlowBlack.ttf; sourceTree = "<group>"; };
		1EEB0C0F5BAD6E120073C24E /* loadingLottie.json */ = {isa = PBXFileReference; fileEncoding = 4; lastKnownFileType = text.json; path = loadingLottie.json; sourceTree = "<group>"; };
		1EEB0C13351E4380E98C2F84 /* BarlowExtraBold.ttf */ = {isa = PBXFileReference; lastKnownFileType = file.ttf; path = BarlowExtraBold.ttf; sourceTree = "<group>"; };
		1EEB0C46C4B24C9E9A4FB245 /* qris_sdk_astrapay-Swift.h */ = {isa = PBXFileReference; fileEncoding = 4; lastKnownFileType = sourcecode.c.h; path = "qris_sdk_astrapay-Swift.h"; sourceTree = "<group>"; };
		1EEB0C80479B7821198F1F2A /* QRButton.nib */ = {isa = PBXFileReference; lastKnownFileType = wrapper.nib; path = QRButton.nib; sourceTree = "<group>"; };
		1EEB0C99D7C44A58FA5E53DF /* QRDetailPaymentTVCellAstrapay.nib */ = {isa = PBXFileReference; lastKnownFileType = wrapper.nib; path = QRDetailPaymentTVCellAstrapay.nib; sourceTree = "<group>"; };
		1EEB0CA583115A83EF04D161 /* QRMerchantInfoTvCell.nib */ = {isa = PBXFileReference; lastKnownFileType = wrapper.nib; path = QRMerchantInfoTvCell.nib; sourceTree = "<group>"; };
		1EEB0CD022A26CE3FF01580D /* BarlowThin.ttf */ = {isa = PBXFileReference; lastKnownFileType = file.ttf; path = BarlowThin.ttf; sourceTree = "<group>"; };
		1EEB0D03D8B86F0DB6784DF6 /* QRNewTransactionFlowViewController.nib */ = {isa = PBXFileReference; lastKnownFileType = wrapper.nib; path = QRNewTransactionFlowViewController.nib; sourceTree = "<group>"; };
		1EEB0D422F8DFF67A5E267FE /* QRTransactionDetailViewController.nib */ = {isa = PBXFileReference; lastKnownFileType = wrapper.nib; path = QRTransactionDetailViewController.nib; sourceTree = "<group>"; };
		1EEB0D5D346EC400F25C54C7 /* arm64.swiftdoc */ = {isa = PBXFileReference; lastKnownFileType = file.swiftdoc; path = arm64.swiftdoc; sourceTree = "<group>"; };
		1EEB0D7EFBE01C8BE607AE3B /* QRAPButtonAtom.nib */ = {isa = PBXFileReference; lastKnownFileType = wrapper.nib; path = QRAPButtonAtom.nib; sourceTree = "<group>"; };
		1EEB0D816D66FC4391878531 /* arm64-apple-ios.swiftinterface */ = {isa = PBXFileReference; lastKnownFileType = file.swiftinterface; path = "arm64-apple-ios.swiftinterface"; sourceTree = "<group>"; };
		1EEB0D92291D3FBE319DB794 /* inProgressLottie.json */ = {isa = PBXFileReference; fileEncoding = 4; lastKnownFileType = text.json; path = inProgressLottie.json; sourceTree = "<group>"; };
		1EEB0D92FD047445BF404AC6 /* qris_sdk_astrapay.podspec */ = {isa = PBXFileReference; lastKnownFileType = file.podspec; path = qris_sdk_astrapay.podspec; sourceTree = "<group>"; };
		1EEB0DA4905D5ADFAAD5276D /* qris_sdk_astrapay */ = {isa = PBXFileReference; fileEncoding = 4; lastKnownFileType = text; path = qris_sdk_astrapay; sourceTree = "<group>"; };
		1EEB0DC02A63AA16ED2FF42E /* QRPLMCDetailPaymentView.nib */ = {isa = PBXFileReference; lastKnownFileType = wrapper.nib; path = QRPLMCDetailPaymentView.nib; sourceTree = "<group>"; };
		1EEB0DD42C176339073D9CC8 /* QRTransactionIsProcessView.nib */ = {isa = PBXFileReference; lastKnownFileType = wrapper.nib; path = QRTransactionIsProcessView.nib; sourceTree = "<group>"; };
		1EEB0DF94CDBD4749AAD9ED2 /* QRPLMCTenorLoanTrxTVCell.nib */ = {isa = PBXFileReference; lastKnownFileType = wrapper.nib; path = QRPLMCTenorLoanTrxTVCell.nib; sourceTree = "<group>"; };
		1EEB0E3EC5C95B79F65D1019 /* InterBlack.ttf */ = {isa = PBXFileReference; lastKnownFileType = file.ttf; path = InterBlack.ttf; sourceTree = "<group>"; };
		1EEB0E7991002577AD56CC44 /* arm64.swiftinterface */ = {isa = PBXFileReference; lastKnownFileType = file.swiftinterface; path = arm64.swiftinterface; sourceTree = "<group>"; };
		1EEB0E91012645AC60F484A1 /* QRAPImageKeyboardAtom.nib */ = {isa = PBXFileReference; lastKnownFileType = wrapper.nib; path = QRAPImageKeyboardAtom.nib; sourceTree = "<group>"; };
		1EEB0E93823A172DF138D966 /* QRButton.nib */ = {isa = PBXFileReference; lastKnownFileType = wrapper.nib; path = QRButton.nib; sourceTree = "<group>"; };
		1EEB0E9908F823875BF8B314 /* x86_64-apple-ios-simulator.swiftdoc */ = {isa = PBXFileReference; lastKnownFileType = file.swiftdoc; path = "x86_64-apple-ios-simulator.swiftdoc"; sourceTree = "<group>"; };
		1EEB0EDC1D41BC68CB19A40C /* scan.json */ = {isa = PBXFileReference; fileEncoding = 4; lastKnownFileType = text.json; path = scan.json; sourceTree = "<group>"; };
		1EEB0EDFB4A340448BB6E47A /* QRAPPopUpNoteTransferVC.nib */ = {isa = PBXFileReference; lastKnownFileType = wrapper.nib; path = QRAPPopUpNoteTransferVC.nib; sourceTree = "<group>"; };
		1EEB0EF967298C6D93C6F203 /* loadingLottie.json */ = {isa = PBXFileReference; fileEncoding = 4; lastKnownFileType = text.json; path = loadingLottie.json; sourceTree = "<group>"; };
		1EEB0F000EE535AC760E3D0B /* Info.plist */ = {isa = PBXFileReference; fileEncoding = 4; lastKnownFileType = text.plist.info; path = Info.plist; sourceTree = "<group>"; };
		1EEB0F0D4454EA582C780A97 /* BarlowLight.ttf */ = {isa = PBXFileReference; lastKnownFileType = file.ttf; path = BarlowLight.ttf; sourceTree = "<group>"; };
		1EEB0F26D853F8E487268273 /* qris_sdk_astrapay */ = {isa = PBXFileReference; fileEncoding = 4; lastKnownFileType = text; path = qris_sdk_astrapay; sourceTree = "<group>"; };
		1EEB0F2CB0E3E9578D37C66D /* QRPLMCDetailLoanTVCell.nib */ = {isa = PBXFileReference; lastKnownFileType = wrapper.nib; path = QRPLMCDetailLoanTVCell.nib; sourceTree = "<group>"; };
		1EEB0F392F05DA716B6E72B0 /* QRMerchantInfoTvCell.nib */ = {isa = PBXFileReference; lastKnownFileType = wrapper.nib; path = QRMerchantInfoTvCell.nib; sourceTree = "<group>"; };
		1EEB0F3D49AF12C34BBCFEAF /* x86_64.swiftinterface */ = {isa = PBXFileReference; lastKnownFileType = file.swiftinterface; path = x86_64.swiftinterface; sourceTree = "<group>"; };
		1EEB0F54EFC8CBE21BF19E08 /* InterSemiBold.ttf */ = {isa = PBXFileReference; lastKnownFileType = file.ttf; path = InterSemiBold.ttf; sourceTree = "<group>"; };
		1EEB0FA5A1DA51A39EB1A3A1 /* InterExtraBold.ttf */ = {isa = PBXFileReference; lastKnownFileType = file.ttf; path = InterExtraBold.ttf; sourceTree = "<group>"; };
		1EEB0FBF2DA890155D6FB751 /* UI */ = {isa = PBXFileReference; fileEncoding = 4; lastKnownFileType = text; path = UI; sourceTree = "<group>"; };
		1EEB0FCAC412485550E85E9A /* BarlowLight.ttf */ = {isa = PBXFileReference; lastKnownFileType = file.ttf; path = BarlowLight.ttf; sourceTree = "<group>"; };
		1EEB0FCED376112A0812FCB2 /* QRPLMCBillDetailPaymentTVCell.nib */ = {isa = PBXFileReference; lastKnownFileType = wrapper.nib; path = QRPLMCBillDetailPaymentTVCell.nib; sourceTree = "<group>"; };
		1EEB0FD5DAE7D28B548D3778 /* x86_64-apple-ios-simulator.swiftsourceinfo */ = {isa = PBXFileReference; lastKnownFileType = file.swiftsourceinfo; path = "x86_64-apple-ios-simulator.swiftsourceinfo"; sourceTree = "<group>"; };
		1EEB0FDFC7C93CBA3CE52F3D /* QRPopUp.nib */ = {isa = PBXFileReference; lastKnownFileType = wrapper.nib; path = QRPopUp.nib; sourceTree = "<group>"; };
/* End PBXFileReference section */

/* Begin PBXFrameworksBuildPhase section */
		0DB7E36327FBE3DB0090FA75 /* Frameworks */ = {
			isa = PBXFrameworksBuildPhase;
			buildActionMask = 2147483647;
			files = (
			);
			runOnlyForDeploymentPostprocessing = 0;
		};
/* End PBXFrameworksBuildPhase section */

/* Begin PBXGroup section */
		0DB7E35C27FBE3DB0090FA75 = {
			isa = PBXGroup;
			children = (
				0DB7E36827FBE3DB0090FA75 /* qris_sdk_astrapay */,
				0DB7E36727FBE3DB0090FA75 /* Products */,
				1EEB0D92FD047445BF404AC6 /* qris_sdk_astrapay.podspec */,
				1EEB03DBDDE6ACB80B8DDF17 /* qris_sdk_astrapay.xcframework */,
			);
			sourceTree = "<group>";
		};
		0DB7E36727FBE3DB0090FA75 /* Products */ = {
			isa = PBXGroup;
			children = (
				0DB7E36627FBE3DB0090FA75 /* qris_sdk_astrapay.framework */,
			);
			name = Products;
			sourceTree = "<group>";
		};
		0DB7E36827FBE3DB0090FA75 /* qris_sdk_astrapay */ = {
			isa = PBXGroup;
			children = (
				0DB7E36927FBE3DB0090FA75 /* qris_sdk_astrapay.h */,
				0DB7E36A27FBE3DB0090FA75 /* qris_sdk_astrapay.docc */,
			);
			path = qris_sdk_astrapay;
			sourceTree = "<group>";
		};
		1EEB03DBDDE6ACB80B8DDF17 /* qris_sdk_astrapay.xcframework */ = {
			isa = PBXGroup;
			children = (
				1EEB0CFBEB49CF3A742DEE66 /* ios-arm64 */,
				1EEB002416018EDF0E7F4F4F /* Info.plist */,
				1EEB0513DA3E075C3A114244 /* ios-x86_64-simulator */,
			);
			path = qris_sdk_astrapay.xcframework;
			sourceTree = "<group>";
		};
		1EEB0442D86450966EE0F4F9 /* _CodeSignature */ = {
			isa = PBXGroup;
			children = (
				1EEB016CCD6B5D7D37A89A05 /* CodeResources */,
			);
			path = _CodeSignature;
			sourceTree = "<group>";
		};
		1EEB047634FC0251DE5F02D0 /* qris_sdk_astrapay.framework */ = {
			isa = PBXGroup;
			children = (
				1EEB0FBF2DA890155D6FB751 /* UI */,
				1EEB051D3464BB18D26D3321 /* Headers */,
				1EEB062FFDB718E38F6FF4D3 /* Modules */,
				1EEB0B055ECA5C663A3A66C6 /* scan.json */,
				1EEB0BE018575FD1992A536B /* Info.plist */,
				1EEB0B286FE31C3D32079AEE /* QRPopUp.nib */,
				1EEB0E93823A172DF138D966 /* QRButton.nib */,
				1EEB09126E14F21488443ECF /* InterBold.ttf */,
				1EEB07C909F4E4B3F169A38E /* InterThin.ttf */,
				1EEB0442D86450966EE0F4F9 /* _CodeSignature */,
				1EEB01AB0EBB864E1FE7AB74 /* BarlowBold.ttf */,
				1EEB0AED4656D2A49DE4D3B0 /* BarlowThin.ttf */,
				1EEB0E3EC5C95B79F65D1019 /* InterBlack.ttf */,
				1EEB00FAC0C5A34025CF1B11 /* InterLight.ttf */,
				1EEB098A74C49AED96412915 /* QRPopUpOTP.nib */,
				1EEB02B61F3DE870D7D087C5 /* QRPopUpPIN.nib */,
				1EEB0BFDB887D2C55C9671B0 /* BarlowBlack.ttf */,
				1EEB0FCAC412485550E85E9A /* BarlowLight.ttf */,
				1EEB0B4DE73877D4014826BE /* InterMedium.ttf */,
				1EEB01D4AF9298330F8EA04A /* BarlowMedium.ttf */,
				1EEB0354ADF2A4249FE5E67C /* InterRegular.ttf */,
				1EEB0590FDA2EAA46124A2D8 /* BarlowRegular.ttf */,
				1EEB04C118EBC2459B669E78 /* failedLottie.json */,
				1EEB0F54EFC8CBE21BF19E08 /* InterSemiBold.ttf */,
				1EEB0DA4905D5ADFAAD5276D /* qris_sdk_astrapay */,
				1EEB0B81411F239031929356 /* BarlowSemiBold.ttf */,
				1EEB078F8BE2CFA75FC30069 /* InterExtraBold.ttf */,
				1EEB0EF967298C6D93C6F203 /* loadingLottie.json */,
				1EEB0D7EFBE01C8BE607AE3B /* QRAPButtonAtom.nib */,
				1EEB09CD2B7D90EC29015CEB /* QRPopUpMessage.nib */,
				1EEB093D732840C6949645DB /* successLottie.json */,
				1EEB09E1C4556BA2F7B2F83D /* BarlowExtraBold.ttf */,
				1EEB0B84AA193AF445562417 /* InterExtraLight.ttf */,
				1EEB03C3AFC8952C2C170E0E /* BarlowExtraLight.ttf */,
				1EEB06447E7EBD1EED3C8218 /* QRAPPopUpErrorVC.nib */,
				1EEB06DA8FBB4F053F79617E /* QRViewController.nib */,
				1EEB06EBC32F5F70C954C4DC /* inProgressLottie.json */,
				1EEB07A6BA71937E33F95D44 /* QRLoadingStateView.nib */,
				1EEB03B5EA69F60F2207702D /* QRCameraControlView.nib */,
				1EEB0AAD501386F2C47A5129 /* QRInputKeyboardView.nib */,
				1EEB0876AFAE93F3B06BFE64 /* QRResultPaymentView.nib */,
				1EEB0F392F05DA716B6E72B0 /* QRMerchantInfoTvCell.nib */,
				1EEB0CF2D08EF77D08FCBB43 /* QRStoryboard.storyboardc */,
				1EEB0413BEE6D093B06B0DC0 /* QRAPImageKeyboardAtom.nib */,
				1EEB054269BED6F5F2FA99C7 /* QRDetailPaymentTvCell.nib */,
				1EEB0A9EF949BF6FD8AF3E3C /* QRLottieAnimationView.nib */,
				1EEB04EA28310098A7B03273 /* QRTrxDetailItemTVCell.nib */,
				1EEB02CE0BC023846BC7BF5B /* QRAPCustomKeyboardAtom.nib */,
				1EEB0F2CB0E3E9578D37C66D /* QRPLMCDetailLoanTVCell.nib */,
				1EEB0EDFB4A340448BB6E47A /* QRAPPopUpNoteTransferVC.nib */,
				1EEB0BAFCDC5D1575C491996 /* QRPLMCDetailLoanTrxView.nib */,
				1EEB0DC02A63AA16ED2FF42E /* QRPLMCDetailPaymentView.nib */,
				1EEB07F6120DA8B6D3A3C326 /* QRPLMaucashQrisLoanTrxVC.nib */,
				1EEB01A1979825F16D7BC13F /* QRPLMaucashQrisWebViewVC.nib */,
				1EEB0864BADB3D73C5A9403B /* QRPLMCSubTenorLoanTVCell.nib */,
				1EEB0DF94CDBD4749AAD9ED2 /* QRPLMCTenorLoanTrxTVCell.nib */,
				1EEB0A0C5C33EC8A7FA56720 /* QRDetailTransactionTvCell.nib */,
				1EEB022FF53364B982B3A53F /* QRPLMCDetailPaymentTVCell.nib */,
				1EEB091BA57B9C0422D91583 /* QRNominalTransactionTvCell.nib */,
				1EEB0DD42C176339073D9CC8 /* QRTransactionIsProcessView.nib */,
				1EEB08FAD7D64B0FEF004327 /* QRInputAmountViewController.nib */,
				1EEB0186FFE20EE8CB56532F /* QRTransactionDetailTopTVCell.nib */,
				1EEB0C99D7C44A58FA5E53DF /* QRDetailPaymentTVCellAstrapay.nib */,
				1EEB0FCED376112A0812FCB2 /* QRPLMCBillDetailPaymentTVCell.nib */,
				1EEB09F1DA3CB254EC858DEC /* QRTransactionDetailBottomTVCell.nib */,
				1EEB075474728D042E34CCC4 /* QRTransactionDetailMiddleTVCell.nib */,
				1EEB097C145D23E341DFFB91 /* QRTransactionDetailViewController.nib */,
				1EEB0D03D8B86F0DB6784DF6 /* QRNewTransactionFlowViewController.nib */,
			);
			path = qris_sdk_astrapay.framework;
			sourceTree = "<group>";
		};
		1EEB04C4F090B17B979CE1E8 /* qris_sdk_astrapay.framework */ = {
			isa = PBXGroup;
			children = (
				1EEB070499EE8F4A367FA82F /* UI */,
				1EEB058FC317209F7E49848F /* Headers */,
				1EEB0BBAB6FE47C88879BE9C /* Modules */,
				1EEB0EDC1D41BC68CB19A40C /* scan.json */,
				1EEB085A3D9ADA8199176343 /* Info.plist */,
				1EEB0FDFC7C93CBA3CE52F3D /* QRPopUp.nib */,
				1EEB0C80479B7821198F1F2A /* QRButton.nib */,
				1EEB06DED2BB7E36DED7CC77 /* InterBold.ttf */,
				1EEB01538E5FB49D45463ACB /* InterThin.ttf */,
				1EEB0AC036A43C7025646B0B /* _CodeSignature */,
				1EEB0430A5F17054A46E968E /* BarlowBold.ttf */,
				1EEB0CD022A26CE3FF01580D /* BarlowThin.ttf */,
				1EEB05FFB6A8D64D00D21367 /* InterBlack.ttf */,
				1EEB0525C258FC90DA507A8F /* InterLight.ttf */,
				1EEB0A0CAA1A67E3AE4F9F40 /* QRPopUpOTP.nib */,
				1EEB02F44233E8F6DF844238 /* QRPopUpPIN.nib */,
				1EEB07C57B8C418BD2D20677 /* BarlowBlack.ttf */,
				1EEB0F0D4454EA582C780A97 /* BarlowLight.ttf */,
				1EEB00B42059B288CF3920BA /* InterMedium.ttf */,
				1EEB01BA8D2957F66A8D11C4 /* BarlowMedium.ttf */,
				1EEB066C613E8918FCB6990F /* InterRegular.ttf */,
				1EEB03AD15A63BE615832974 /* BarlowRegular.ttf */,
				1EEB0BB695463BBC57B38371 /* failedLottie.json */,
				1EEB06ABA57C93C56C09A7A6 /* InterSemiBold.ttf */,
				1EEB0F26D853F8E487268273 /* qris_sdk_astrapay */,
				1EEB00DFF0D25AB467182F6D /* BarlowSemiBold.ttf */,
				1EEB0FA5A1DA51A39EB1A3A1 /* InterExtraBold.ttf */,
				1EEB0C0F5BAD6E120073C24E /* loadingLottie.json */,
				1EEB091E48A65CB80AB93543 /* QRAPButtonAtom.nib */,
				1EEB084FF276E18C7F48CEBB /* QRPopUpMessage.nib */,
				1EEB058BDC940B2A8FE44123 /* successLottie.json */,
				1EEB0C13351E4380E98C2F84 /* BarlowExtraBold.ttf */,
				1EEB0ACF8DD7E77F675BFCC9 /* InterExtraLight.ttf */,
				1EEB07E1379ED0BA997AD63D /* BarlowExtraLight.ttf */,
				1EEB000D3D50F758410A5304 /* QRAPPopUpErrorVC.nib */,
				1EEB01D29B4735E21739371F /* QRViewController.nib */,
				1EEB0D92291D3FBE319DB794 /* inProgressLottie.json */,
				1EEB034B7FF2669673AA4938 /* QRLoadingStateView.nib */,
				1EEB07BE8C9558BDDE84A42E /* QRCameraControlView.nib */,
				1EEB07D01DB49A425050BD6E /* QRInputKeyboardView.nib */,
				1EEB04B60D02FED59F568FEA /* QRResultPaymentView.nib */,
				1EEB0CA583115A83EF04D161 /* QRMerchantInfoTvCell.nib */,
				1EEB073655417A67041A4724 /* QRStoryboard.storyboardc */,
				1EEB0E91012645AC60F484A1 /* QRAPImageKeyboardAtom.nib */,
				1EEB09623FC77D10A4599886 /* QRDetailPaymentTvCell.nib */,
				1EEB004093EDC7EF147B5FF3 /* QRLottieAnimationView.nib */,
				1EEB03F76F160555A40EA5B1 /* QRTrxDetailItemTVCell.nib */,
				1EEB0071948E38E82F8038BA /* QRAPCustomKeyboardAtom.nib */,
				1EEB096A7797C588EF03FCE6 /* QRPLMCDetailLoanTVCell.nib */,
				1EEB025B42067FE8E57623B4 /* QRAPPopUpNoteTransferVC.nib */,
				1EEB0B270A05599A4658443E /* QRPLMCDetailLoanTrxView.nib */,
				1EEB00014BFB6E6414916633 /* QRPLMCDetailPaymentView.nib */,
				1EEB0B3FA0435FAF8D5187AD /* QRPLMaucashQrisLoanTrxVC.nib */,
				1EEB032808157177E8DDC735 /* QRPLMaucashQrisWebViewVC.nib */,
				1EEB0594F70A9C2468C9C7BD /* QRPLMCSubTenorLoanTVCell.nib */,
				1EEB09623391DA5A81F58F83 /* QRPLMCTenorLoanTrxTVCell.nib */,
				1EEB047C9698ECE9353BD506 /* QRDetailTransactionTvCell.nib */,
				1EEB0BE857180F7636A70770 /* QRPLMCDetailPaymentTVCell.nib */,
				1EEB076F20D2FC118CF3B81B /* QRNominalTransactionTvCell.nib */,
				1EEB0B15C19C0671B2A59CBA /* QRTransactionIsProcessView.nib */,
				1EEB0990B1F4DE2B995B1FA5 /* QRInputAmountViewController.nib */,
				1EEB09A885161803DD516DD6 /* QRTransactionDetailTopTVCell.nib */,
				1EEB0114F8FE4EF45AA1E519 /* QRDetailPaymentTVCellAstrapay.nib */,
				1EEB01071EC3EEE22663F30E /* QRPLMCBillDetailPaymentTVCell.nib */,
				1EEB07D8BF2E1FC0B5D7F2C6 /* QRTransactionDetailBottomTVCell.nib */,
				1EEB01A1614DE7CEC163B234 /* QRTransactionDetailMiddleTVCell.nib */,
				1EEB0D422F8DFF67A5E267FE /* QRTransactionDetailViewController.nib */,
				1EEB02FE41401355448EF334 /* QRNewTransactionFlowViewController.nib */,
			);
			path = qris_sdk_astrapay.framework;
			sourceTree = "<group>";
		};
		1EEB0513DA3E075C3A114244 /* ios-x86_64-simulator */ = {
			isa = PBXGroup;
			children = (
				1EEB04C4F090B17B979CE1E8 /* qris_sdk_astrapay.framework */,
			);
			path = "ios-x86_64-simulator";
			sourceTree = "<group>";
		};
		1EEB051D3464BB18D26D3321 /* Headers */ = {
			isa = PBXGroup;
			children = (
				1EEB084FF3581B3C1ABE2C25 /* qris_sdk_astrapay.h */,
				1EEB0B99846EBF9A72C6BCCE /* qris_sdk_astrapay-Swift.h */,
			);
			path = Headers;
			sourceTree = "<group>";
		};
		1EEB058FC317209F7E49848F /* Headers */ = {
			isa = PBXGroup;
			children = (
				1EEB050A6C4931FFF3BFAB46 /* qris_sdk_astrapay.h */,
				1EEB0C46C4B24C9E9A4FB245 /* qris_sdk_astrapay-Swift.h */,
			);
			path = Headers;
			sourceTree = "<group>";
		};
		1EEB062FFDB718E38F6FF4D3 /* Modules */ = {
			isa = PBXGroup;
			children = (
				1EEB08C2828F55802C6782CC /* module.modulemap */,
				1EEB0F0F7B3621BB959C1175 /* qris_sdk_astrapay.swiftmodule */,
			);
			path = Modules;
			sourceTree = "<group>";
		};
		1EEB073655417A67041A4724 /* QRStoryboard.storyboardc */ = {
			isa = PBXGroup;
			children = (
				1EEB0F000EE535AC760E3D0B /* Info.plist */,
				1EEB0795F3CD7B8E8D29FB8D /* 5m1-eR-zLb-view-ecu-k9-wND.nib */,
				1EEB01BCD2AF9D3CE2FBF5D2 /* QRViewControllerIdentifier.nib */,
				1EEB001F1F8BD6B030769356 /* Zv5-gp-haN-view-JTc-6i-dsM.nib */,
				1EEB07334B73527AF6448F49 /* qRNewTransactionFlowViewControllerIdentifier.nib */,
			);
			path = QRStoryboard.storyboardc;
			sourceTree = "<group>";
		};
		1EEB08D53205B24D85A13013 /* Project */ = {
			isa = PBXGroup;
			children = (
				1EEB0959A42F4DE83B5A175A /* arm64.swiftsourceinfo */,
				1EEB01BE4C355EEECB4BA871 /* arm64-apple-ios.swiftsourceinfo */,
			);
			path = Project;
			sourceTree = "<group>";
		};
		1EEB0AC036A43C7025646B0B /* _CodeSignature */ = {
			isa = PBXGroup;
			children = (
				1EEB085FD2EF8E1EC76C3E10 /* CodeResources */,
			);
			path = _CodeSignature;
			sourceTree = "<group>";
		};
		1EEB0BBAB6FE47C88879BE9C /* Modules */ = {
			isa = PBXGroup;
			children = (
				1EEB065A6A31787F3A691BE1 /* module.modulemap */,
				1EEB0C1E958601518E388AAE /* qris_sdk_astrapay.swiftmodule */,
			);
			path = Modules;
			sourceTree = "<group>";
		};
		1EEB0C1E958601518E388AAE /* qris_sdk_astrapay.swiftmodule */ = {
			isa = PBXGroup;
			children = (
				1EEB0DC7801DE1E749E9D2D0 /* Project */,
				1EEB08A82B04A56263D2E53D /* x86_64.swiftdoc */,
				1EEB0F3D49AF12C34BBCFEAF /* x86_64.swiftinterface */,
				1EEB0E9908F823875BF8B314 /* x86_64-apple-ios-simulator.swiftdoc */,
				1EEB00E1FA5B87B206988B17 /* x86_64-apple-ios-simulator.swiftinterface */,
			);
			path = qris_sdk_astrapay.swiftmodule;
			sourceTree = "<group>";
		};
		1EEB0CF2D08EF77D08FCBB43 /* QRStoryboard.storyboardc */ = {
			isa = PBXGroup;
			children = (
				1EEB08BF64F35354A38CDE77 /* Info.plist */,
				1EEB06D8E28400E7FC1B194E /* 5m1-eR-zLb-view-ecu-k9-wND.nib */,
				1EEB0B6A191207BD887549B3 /* QRViewControllerIdentifier.nib */,
				1EEB07FC648774343CA0DB31 /* Zv5-gp-haN-view-JTc-6i-dsM.nib */,
				1EEB076ACA30DB3943884E61 /* qRNewTransactionFlowViewControllerIdentifier.nib */,
			);
			path = QRStoryboard.storyboardc;
			sourceTree = "<group>";
		};
		1EEB0CFBEB49CF3A742DEE66 /* ios-arm64 */ = {
			isa = PBXGroup;
			children = (
				1EEB047634FC0251DE5F02D0 /* qris_sdk_astrapay.framework */,
			);
			path = "ios-arm64";
			sourceTree = "<group>";
		};
		1EEB0DC7801DE1E749E9D2D0 /* Project */ = {
			isa = PBXGroup;
			children = (
				1EEB0235FF0A033BF696BE20 /* x86_64.swiftsourceinfo */,
				1EEB0FD5DAE7D28B548D3778 /* x86_64-apple-ios-simulator.swiftsourceinfo */,
			);
			path = Project;
			sourceTree = "<group>";
		};
		1EEB0F0F7B3621BB959C1175 /* qris_sdk_astrapay.swiftmodule */ = {
			isa = PBXGroup;
			children = (
				1EEB08D53205B24D85A13013 /* Project */,
				1EEB0D5D346EC400F25C54C7 /* arm64.swiftdoc */,
				1EEB0E7991002577AD56CC44 /* arm64.swiftinterface */,
				1EEB0224F395F0D4A37AA783 /* arm64-apple-ios.swiftdoc */,
				1EEB0D816D66FC4391878531 /* arm64-apple-ios.swiftinterface */,
			);
			path = qris_sdk_astrapay.swiftmodule;
			sourceTree = "<group>";
		};
/* End PBXGroup section */

/* Begin PBXHeadersBuildPhase section */
		0DB7E36127FBE3DB0090FA75 /* Headers */ = {
			isa = PBXHeadersBuildPhase;
			buildActionMask = 2147483647;
			files = (
				0DB7E36C27FBE3DB0090FA75 /* qris_sdk_astrapay.h in Headers */,
				1EEB0DF80129CB2960A61CCA /* qris_sdk_astrapay.h in Headers */,
				1EEB00F15507BE1DF3046890 /* qris_sdk_astrapay-Swift.h in Headers */,
				1EEB08B69AB57055A368B990 /* qris_sdk_astrapay.h in Headers */,
				1EEB09F29184AAAA90BEF2A8 /* qris_sdk_astrapay-Swift.h in Headers */,
			);
			runOnlyForDeploymentPostprocessing = 0;
		};
/* End PBXHeadersBuildPhase section */

/* Begin PBXNativeTarget section */
		0DB7E36527FBE3DB0090FA75 /* qris_sdk_astrapay */ = {
			isa = PBXNativeTarget;
			buildConfigurationList = 0DB7E36F27FBE3DB0090FA75 /* Build configuration list for PBXNativeTarget "qris_sdk_astrapay" */;
			buildPhases = (
				0DB7E36127FBE3DB0090FA75 /* Headers */,
				0DB7E36227FBE3DB0090FA75 /* Sources */,
				0DB7E36327FBE3DB0090FA75 /* Frameworks */,
				0DB7E36427FBE3DB0090FA75 /* Resources */,
			);
			buildRules = (
			);
			dependencies = (
			);
			name = qris_sdk_astrapay;
			productName = qris_sdk_astrapay;
			productReference = 0DB7E36627FBE3DB0090FA75 /* qris_sdk_astrapay.framework */;
			productType = "com.apple.product-type.framework";
		};
/* End PBXNativeTarget section */

/* Begin PBXProject section */
		0DB7E35D27FBE3DB0090FA75 /* Project object */ = {
			isa = PBXProject;
			attributes = {
				BuildIndependentTargetsInParallel = 1;
				LastUpgradeCheck = 1300;
				TargetAttributes = {
					0DB7E36527FBE3DB0090FA75 = {
						CreatedOnToolsVersion = 13.0;
					};
				};
			};
			buildConfigurationList = 0DB7E36027FBE3DB0090FA75 /* Build configuration list for PBXProject "qris_sdk_astrapay" */;
			compatibilityVersion = "Xcode 13.0";
			developmentRegion = en;
			hasScannedForEncodings = 0;
			knownRegions = (
				en,
				Base,
			);
			mainGroup = 0DB7E35C27FBE3DB0090FA75;
			productRefGroup = 0DB7E36727FBE3DB0090FA75 /* Products */;
			projectDirPath = "";
			projectRoot = "";
			targets = (
				0DB7E36527FBE3DB0090FA75 /* qris_sdk_astrapay */,
			);
		};
/* End PBXProject section */

/* Begin PBXResourcesBuildPhase section */
		0DB7E36427FBE3DB0090FA75 /* Resources */ = {
			isa = PBXResourcesBuildPhase;
			buildActionMask = 2147483647;
			files = (
				1EEB0E6D1D1EDF74D786694A /* qris_sdk_astrapay.podspec in Resources */,
				1EEB0B27A0649BA003CE6CA9 /* UI in Resources */,
				1EEB0D33D9A62FF4567E856A /* arm64.swiftsourceinfo in Resources */,
				1EEB0E70D781931505E23507 /* arm64-apple-ios.swiftsourceinfo in Resources */,
				1EEB0800A520D681DC0AD605 /* arm64.swiftdoc in Resources */,
				1EEB0C1359E888FC03D999A9 /* arm64.swiftinterface in Resources */,
				1EEB043003F3C94E100A878C /* arm64-apple-ios.swiftdoc in Resources */,
				1EEB0AD741610F163B5B7B5E /* arm64-apple-ios.swiftinterface in Resources */,
				1EEB0E3B50773AA547F4F2A1 /* scan.json in Resources */,
				1EEB036D4D344998DD79179D /* QRPopUp.nib in Resources */,
				1EEB055CA7FB04215D5D25E0 /* QRButton.nib in Resources */,
				1EEB0F44E70E1123288E289F /* InterBold.ttf in Resources */,
				1EEB0AFA9B9E294043086AC8 /* InterThin.ttf in Resources */,
				1EEB058AF2B30A4DFB108308 /* CodeResources in Resources */,
				1EEB0E41576A3D347118A00C /* BarlowBold.ttf in Resources */,
				1EEB069864E3120401C7B732 /* BarlowThin.ttf in Resources */,
				1EEB01EF85674E3B0A049387 /* InterBlack.ttf in Resources */,
				1EEB0295175A082F7F7C34DE /* InterLight.ttf in Resources */,
				1EEB0C675BA93F5FE5AFE0F6 /* QRPopUpOTP.nib in Resources */,
				1EEB024533CE27C407E172DD /* QRPopUpPIN.nib in Resources */,
				1EEB01A94100B73772FE6B03 /* BarlowBlack.ttf in Resources */,
				1EEB0B7D5477E8E482342105 /* BarlowLight.ttf in Resources */,
				1EEB0CB190BABD615543B3FF /* InterMedium.ttf in Resources */,
				1EEB0E02B11D55FC6B299594 /* BarlowMedium.ttf in Resources */,
				1EEB0451BC8397DABD2D3D3D /* InterRegular.ttf in Resources */,
				1EEB0AC2E4C902D032515EC8 /* BarlowRegular.ttf in Resources */,
				1EEB067D4CC54EC673CBBC26 /* failedLottie.json in Resources */,
				1EEB0B84A0CE905BECD4460C /* InterSemiBold.ttf in Resources */,
				1EEB01D8095FE4534C0B8490 /* qris_sdk_astrapay in Resources */,
				1EEB058F4EECE4F2EC652B69 /* BarlowSemiBold.ttf in Resources */,
				1EEB0D1213A73758A62855D2 /* InterExtraBold.ttf in Resources */,
				1EEB093C4A1218707629D2B0 /* loadingLottie.json in Resources */,
				1EEB02C6C5F0A7947ECB0ADB /* QRAPButtonAtom.nib in Resources */,
				1EEB02FA2E21184A6C61448A /* QRPopUpMessage.nib in Resources */,
				1EEB07A4669C4B1E985C05BB /* successLottie.json in Resources */,
				1EEB0EEE02B163D4E3756A2F /* BarlowExtraBold.ttf in Resources */,
				1EEB0EDFFCFB541A894D55FE /* InterExtraLight.ttf in Resources */,
				1EEB0538A3A67577FE03ECD9 /* BarlowExtraLight.ttf in Resources */,
				1EEB03BF0E8A2A85742591F0 /* QRAPPopUpErrorVC.nib in Resources */,
				1EEB0D949A14FF04D5BD996A /* QRViewController.nib in Resources */,
				1EEB0A8B17CD94C4071E8BC8 /* inProgressLottie.json in Resources */,
				1EEB06B4844D07A783EC159A /* QRLoadingStateView.nib in Resources */,
				1EEB03A96F9F0A0266AD542B /* QRCameraControlView.nib in Resources */,
				1EEB034C0ADCE9A2D181B4F4 /* QRInputKeyboardView.nib in Resources */,
				1EEB0BE5366630D406971BB8 /* QRResultPaymentView.nib in Resources */,
				1EEB03760717FD327E1DEB3F /* QRMerchantInfoTvCell.nib in Resources */,
				1EEB00BFC698B4F3217D94D3 /* Info.plist in Resources */,
				1EEB0C3C2DD9D9CBEE41D09A /* 5m1-eR-zLb-view-ecu-k9-wND.nib in Resources */,
				1EEB09FE5197A5A11B9C7428 /* QRViewControllerIdentifier.nib in Resources */,
				1EEB087339B208D9CAA0D586 /* Zv5-gp-haN-view-JTc-6i-dsM.nib in Resources */,
				1EEB0F7535054287D239BC08 /* qRNewTransactionFlowViewControllerIdentifier.nib in Resources */,
				1EEB04F552F5F451CA4BB0AA /* QRAPImageKeyboardAtom.nib in Resources */,
				1EEB07620A638C253CDB1ED6 /* QRDetailPaymentTvCell.nib in Resources */,
				1EEB080BB9C125FEFF5F53C7 /* QRLottieAnimationView.nib in Resources */,
				1EEB0E23CD7EDAA12478C23C /* QRTrxDetailItemTVCell.nib in Resources */,
				1EEB06D8AC2366CB6FE2C53D /* QRAPCustomKeyboardAtom.nib in Resources */,
				1EEB07EE6F06A6F2BE4AA9C8 /* QRPLMCDetailLoanTVCell.nib in Resources */,
				1EEB0ADE9B21B36A2E61FD66 /* QRAPPopUpNoteTransferVC.nib in Resources */,
				1EEB0AFA70673D001918FBED /* QRPLMCDetailLoanTrxView.nib in Resources */,
				1EEB057F900C513090296F80 /* QRPLMCDetailPaymentView.nib in Resources */,
				1EEB01FFE2CDAFA85410CBCC /* QRPLMaucashQrisLoanTrxVC.nib in Resources */,
				1EEB0A42681C67316B1FD9C4 /* QRPLMaucashQrisWebViewVC.nib in Resources */,
				1EEB0A93FA521F6AAED37DC6 /* QRPLMCSubTenorLoanTVCell.nib in Resources */,
				1EEB0ADE747A53BD2564FBB4 /* QRPLMCTenorLoanTrxTVCell.nib in Resources */,
				1EEB0897C5B63128EB977BF9 /* QRDetailTransactionTvCell.nib in Resources */,
				1EEB014F1FC36E5536020307 /* QRPLMCDetailPaymentTVCell.nib in Resources */,
				1EEB089931DD656FA5366F36 /* QRNominalTransactionTvCell.nib in Resources */,
				1EEB04ADF5041E89BDDB8F2B /* QRTransactionIsProcessView.nib in Resources */,
				1EEB0845E619A2B3BF5DEA3B /* QRInputAmountViewController.nib in Resources */,
				1EEB0CD3CE719503B92F37EE /* QRTransactionDetailTopTVCell.nib in Resources */,
				1EEB0FB6AEE4B5D04D8E2D94 /* QRDetailPaymentTVCellAstrapay.nib in Resources */,
				1EEB0C5A5441CDE456311634 /* QRPLMCBillDetailPaymentTVCell.nib in Resources */,
				1EEB0084EA4E492E57BDE1DA /* QRTransactionDetailBottomTVCell.nib in Resources */,
				1EEB0431B1F3F9F656B4EAF6 /* QRTransactionDetailMiddleTVCell.nib in Resources */,
				1EEB095B8B3727CBB78033CD /* QRTransactionDetailViewController.nib in Resources */,
				1EEB00588BAC6F914737A62E /* QRNewTransactionFlowViewController.nib in Resources */,
				1EEB086AABE9B6DC887FAAA1 /* UI in Resources */,
				1EEB0064962D32037D864235 /* x86_64.swiftsourceinfo in Resources */,
				1EEB0B414CCBC48E06E3B147 /* x86_64-apple-ios-simulator.swiftsourceinfo in Resources */,
				1EEB01B954739F8D41C2DAE8 /* x86_64.swiftdoc in Resources */,
				1EEB06C67BB7BB4402E040D2 /* x86_64.swiftinterface in Resources */,
				1EEB0CF8C3D70F47506A7FA1 /* x86_64-apple-ios-simulator.swiftdoc in Resources */,
				1EEB009D3971315705B64E3B /* x86_64-apple-ios-simulator.swiftinterface in Resources */,
				1EEB0314FB1896947226A1EE /* scan.json in Resources */,
				1EEB0F9C6844EDEE94547DB4 /* Info.plist in Resources */,
				1EEB0DE3E930B856A3AC066D /* QRPopUp.nib in Resources */,
				1EEB084AF361926D9F27AF39 /* QRButton.nib in Resources */,
				1EEB074C410DD8AE8E3020A0 /* InterBold.ttf in Resources */,
				1EEB0F0079F9EC75B40D09E7 /* InterThin.ttf in Resources */,
				1EEB0A7512B5FC8868F78FFF /* CodeResources in Resources */,
				1EEB0E7E3247AD30ED4F07F1 /* BarlowBold.ttf in Resources */,
				1EEB09BB776DA030049B0B38 /* BarlowThin.ttf in Resources */,
				1EEB016D41D79B4458B4DF5A /* InterBlack.ttf in Resources */,
				1EEB0630A06125FD3DCB3851 /* InterLight.ttf in Resources */,
				1EEB00E25A5B80C1D3491F6D /* QRPopUpOTP.nib in Resources */,
				1EEB0801601D44062581DEAC /* QRPopUpPIN.nib in Resources */,
				1EEB086989205C769B713F05 /* BarlowBlack.ttf in Resources */,
				1EEB00A4518E5ADB72BF5A07 /* BarlowLight.ttf in Resources */,
				1EEB06C2043A87FBE5D9ED97 /* InterMedium.ttf in Resources */,
				1EEB0952F237614FC9437C89 /* BarlowMedium.ttf in Resources */,
				1EEB02BC79864EF24C71C465 /* InterRegular.ttf in Resources */,
				1EEB0BB8C70D33E4054F3370 /* BarlowRegular.ttf in Resources */,
				1EEB08A3DBC6C8B592B4871B /* failedLottie.json in Resources */,
				1EEB066133A9D4B4BAF6F464 /* InterSemiBold.ttf in Resources */,
				1EEB008634215ABD9FE9E8D7 /* qris_sdk_astrapay in Resources */,
				1EEB0BE45B86F6DC97BF6183 /* BarlowSemiBold.ttf in Resources */,
				1EEB0212EFC06AEA8BD0F969 /* InterExtraBold.ttf in Resources */,
				1EEB0EF1135FE14920854692 /* loadingLottie.json in Resources */,
				1EEB06577012DA012D3CEF4F /* QRAPButtonAtom.nib in Resources */,
				1EEB02B79607A050AA02AF0E /* QRPopUpMessage.nib in Resources */,
				1EEB0B7595E290CA7633E81D /* successLottie.json in Resources */,
				1EEB072242131F9A3FA032AF /* BarlowExtraBold.ttf in Resources */,
				1EEB03D5E96C2A1C564B81C1 /* InterExtraLight.ttf in Resources */,
				1EEB03D0F0C3E6A0FE0D44E1 /* BarlowExtraLight.ttf in Resources */,
				1EEB0C6E06AD215050FC5D3C /* QRAPPopUpErrorVC.nib in Resources */,
				1EEB01F2B7873BE078B2A8B1 /* QRViewController.nib in Resources */,
				1EEB0F503A75082D90A5E553 /* inProgressLottie.json in Resources */,
				1EEB0DDAEFBB2EFAD36B97F2 /* QRLoadingStateView.nib in Resources */,
				1EEB0F9A9F13EF0D13C7A752 /* QRCameraControlView.nib in Resources */,
				1EEB0049CA311EB69CFB6723 /* QRInputKeyboardView.nib in Resources */,
				1EEB05EED1364011A93CE1A2 /* QRResultPaymentView.nib in Resources */,
				1EEB0D766A0487CDF42CEDA1 /* QRMerchantInfoTvCell.nib in Resources */,
				1EEB0779CC8ED3D0D848A435 /* 5m1-eR-zLb-view-ecu-k9-wND.nib in Resources */,
				1EEB019B79DC9EA3681187F7 /* QRViewControllerIdentifier.nib in Resources */,
				1EEB0F8EA844EB848AA4C12F /* Zv5-gp-haN-view-JTc-6i-dsM.nib in Resources */,
				1EEB051F5DAE94BC35C93440 /* qRNewTransactionFlowViewControllerIdentifier.nib in Resources */,
				1EEB024B3B49348B9160E10F /* QRAPImageKeyboardAtom.nib in Resources */,
				1EEB058ABCCB5D81DC966F33 /* QRDetailPaymentTvCell.nib in Resources */,
				1EEB070A4C889EDA4856C96A /* QRLottieAnimationView.nib in Resources */,
				1EEB05544AB9C50E1250B293 /* QRTrxDetailItemTVCell.nib in Resources */,
				1EEB04CA0EC8A4BCB44C56AC /* QRAPCustomKeyboardAtom.nib in Resources */,
				1EEB0E4C78D842C41BBEE49F /* QRPLMCDetailLoanTVCell.nib in Resources */,
				1EEB0FE882309D0526311571 /* QRAPPopUpNoteTransferVC.nib in Resources */,
				1EEB0272DFD369067F7B0EAE /* QRPLMCDetailLoanTrxView.nib in Resources */,
				1EEB067C193C3CEAA87852B8 /* QRPLMCDetailPaymentView.nib in Resources */,
				1EEB0F2EC645744B6DECACD7 /* QRPLMaucashQrisLoanTrxVC.nib in Resources */,
				1EEB0720E03A9992229B97ED /* QRPLMaucashQrisWebViewVC.nib in Resources */,
				1EEB07BC7827F567BDB49F2B /* QRPLMCSubTenorLoanTVCell.nib in Resources */,
				1EEB0ACC1635638276D8F7B8 /* QRPLMCTenorLoanTrxTVCell.nib in Resources */,
				1EEB0F1595F932C50D654711 /* QRDetailTransactionTvCell.nib in Resources */,
				1EEB0895A001CD1DB5814985 /* QRPLMCDetailPaymentTVCell.nib in Resources */,
				1EEB02EBACF5B132AAD47F23 /* QRNominalTransactionTvCell.nib in Resources */,
				1EEB025B2D9CB1BFE9C50880 /* QRTransactionIsProcessView.nib in Resources */,
				1EEB0A0A8600A10E2DAF42F7 /* QRInputAmountViewController.nib in Resources */,
				1EEB057AF33D20C9FC7D0370 /* QRTransactionDetailTopTVCell.nib in Resources */,
				1EEB087B876AD8603C353B21 /* QRDetailPaymentTVCellAstrapay.nib in Resources */,
				1EEB0D924AF69E67375899AE /* QRPLMCBillDetailPaymentTVCell.nib in Resources */,
				1EEB083463FB50ED293162FC /* QRTransactionDetailBottomTVCell.nib in Resources */,
				1EEB0DD43A1B297DBBA15EF3 /* QRTransactionDetailMiddleTVCell.nib in Resources */,
				1EEB0CD8F9E731203540E09C /* QRTransactionDetailViewController.nib in Resources */,
				1EEB02470C413E6D1541CF81 /* QRNewTransactionFlowViewController.nib in Resources */,
			);
			runOnlyForDeploymentPostprocessing = 0;
		};
/* End PBXResourcesBuildPhase section */

/* Begin PBXSourcesBuildPhase section */
		0DB7E36227FBE3DB0090FA75 /* Sources */ = {
			isa = PBXSourcesBuildPhase;
			buildActionMask = 2147483647;
			files = (
				0DB7E36B27FBE3DB0090FA75 /* qris_sdk_astrapay.docc in Sources */,
				1EEB0EC110363002E37D04AD /* module.modulemap in Sources */,
				1EEB0B4AA8D6658897D8C815 /* module.modulemap in Sources */,
			);
			runOnlyForDeploymentPostprocessing = 0;
		};
/* End PBXSourcesBuildPhase section */

/* Begin XCBuildConfiguration section */
		0DB7E36D27FBE3DB0090FA75 /* Debug */ = {
			isa = XCBuildConfiguration;
			buildSettings = {
				ALWAYS_SEARCH_USER_PATHS = NO;
				CLANG_ANALYZER_NONNULL = YES;
				CLANG_ANALYZER_NUMBER_OBJECT_CONVERSION = YES_AGGRESSIVE;
				CLANG_CXX_LANGUAGE_STANDARD = "gnu++17";
				CLANG_CXX_LIBRARY = "libc++";
				CLANG_ENABLE_MODULES = YES;
				CLANG_ENABLE_OBJC_ARC = YES;
				CLANG_ENABLE_OBJC_WEAK = YES;
				CLANG_WARN_BLOCK_CAPTURE_AUTORELEASING = YES;
				CLANG_WARN_BOOL_CONVERSION = YES;
				CLANG_WARN_COMMA = YES;
				CLANG_WARN_CONSTANT_CONVERSION = YES;
				CLANG_WARN_DEPRECATED_OBJC_IMPLEMENTATIONS = YES;
				CLANG_WARN_DIRECT_OBJC_ISA_USAGE = YES_ERROR;
				CLANG_WARN_DOCUMENTATION_COMMENTS = YES;
				CLANG_WARN_EMPTY_BODY = YES;
				CLANG_WARN_ENUM_CONVERSION = YES;
				CLANG_WARN_INFINITE_RECURSION = YES;
				CLANG_WARN_INT_CONVERSION = YES;
				CLANG_WARN_NON_LITERAL_NULL_CONVERSION = YES;
				CLANG_WARN_OBJC_IMPLICIT_RETAIN_SELF = YES;
				CLANG_WARN_OBJC_LITERAL_CONVERSION = YES;
				CLANG_WARN_OBJC_ROOT_CLASS = YES_ERROR;
				CLANG_WARN_QUOTED_INCLUDE_IN_FRAMEWORK_HEADER = YES;
				CLANG_WARN_RANGE_LOOP_ANALYSIS = YES;
				CLANG_WARN_STRICT_PROTOTYPES = YES;
				CLANG_WARN_SUSPICIOUS_MOVE = YES;
				CLANG_WARN_UNGUARDED_AVAILABILITY = YES_AGGRESSIVE;
				CLANG_WARN_UNREACHABLE_CODE = YES;
				CLANG_WARN__DUPLICATE_METHOD_MATCH = YES;
				COPY_PHASE_STRIP = NO;
				CURRENT_PROJECT_VERSION = 1;
				DEBUG_INFORMATION_FORMAT = dwarf;
				ENABLE_STRICT_OBJC_MSGSEND = YES;
				ENABLE_TESTABILITY = YES;
				GCC_C_LANGUAGE_STANDARD = gnu11;
				GCC_DYNAMIC_NO_PIC = NO;
				GCC_NO_COMMON_BLOCKS = YES;
				GCC_OPTIMIZATION_LEVEL = 0;
				GCC_PREPROCESSOR_DEFINITIONS = (
					"DEBUG=1",
					"$(inherited)",
				);
				GCC_WARN_64_TO_32_BIT_CONVERSION = YES;
				GCC_WARN_ABOUT_RETURN_TYPE = YES_ERROR;
				GCC_WARN_UNDECLARED_SELECTOR = YES;
				GCC_WARN_UNINITIALIZED_AUTOS = YES_AGGRESSIVE;
				GCC_WARN_UNUSED_FUNCTION = YES;
				GCC_WARN_UNUSED_VARIABLE = YES;
				IPHONEOS_DEPLOYMENT_TARGET = 15.0;
				MTL_ENABLE_DEBUG_INFO = INCLUDE_SOURCE;
				MTL_FAST_MATH = YES;
				ONLY_ACTIVE_ARCH = YES;
				SDKROOT = iphoneos;
				SWIFT_ACTIVE_COMPILATION_CONDITIONS = DEBUG;
				SWIFT_OPTIMIZATION_LEVEL = "-Onone";
				VERSIONING_SYSTEM = "apple-generic";
				VERSION_INFO_PREFIX = "";
			};
			name = Debug;
		};
		0DB7E36E27FBE3DB0090FA75 /* Release */ = {
			isa = XCBuildConfiguration;
			buildSettings = {
				ALWAYS_SEARCH_USER_PATHS = NO;
				CLANG_ANALYZER_NONNULL = YES;
				CLANG_ANALYZER_NUMBER_OBJECT_CONVERSION = YES_AGGRESSIVE;
				CLANG_CXX_LANGUAGE_STANDARD = "gnu++17";
				CLANG_CXX_LIBRARY = "libc++";
				CLANG_ENABLE_MODULES = YES;
				CLANG_ENABLE_OBJC_ARC = YES;
				CLANG_ENABLE_OBJC_WEAK = YES;
				CLANG_WARN_BLOCK_CAPTURE_AUTORELEASING = YES;
				CLANG_WARN_BOOL_CONVERSION = YES;
				CLANG_WARN_COMMA = YES;
				CLANG_WARN_CONSTANT_CONVERSION = YES;
				CLANG_WARN_DEPRECATED_OBJC_IMPLEMENTATIONS = YES;
				CLANG_WARN_DIRECT_OBJC_ISA_USAGE = YES_ERROR;
				CLANG_WARN_DOCUMENTATION_COMMENTS = YES;
				CLANG_WARN_EMPTY_BODY = YES;
				CLANG_WARN_ENUM_CONVERSION = YES;
				CLANG_WARN_INFINITE_RECURSION = YES;
				CLANG_WARN_INT_CONVERSION = YES;
				CLANG_WARN_NON_LITERAL_NULL_CONVERSION = YES;
				CLANG_WARN_OBJC_IMPLICIT_RETAIN_SELF = YES;
				CLANG_WARN_OBJC_LITERAL_CONVERSION = YES;
				CLANG_WARN_OBJC_ROOT_CLASS = YES_ERROR;
				CLANG_WARN_QUOTED_INCLUDE_IN_FRAMEWORK_HEADER = YES;
				CLANG_WARN_RANGE_LOOP_ANALYSIS = YES;
				CLANG_WARN_STRICT_PROTOTYPES = YES;
				CLANG_WARN_SUSPICIOUS_MOVE = YES;
				CLANG_WARN_UNGUARDED_AVAILABILITY = YES_AGGRESSIVE;
				CLANG_WARN_UNREACHABLE_CODE = YES;
				CLANG_WARN__DUPLICATE_METHOD_MATCH = YES;
				COPY_PHASE_STRIP = NO;
				CURRENT_PROJECT_VERSION = 1;
				DEBUG_INFORMATION_FORMAT = "dwarf-with-dsym";
				ENABLE_NS_ASSERTIONS = NO;
				ENABLE_STRICT_OBJC_MSGSEND = YES;
				GCC_C_LANGUAGE_STANDARD = gnu11;
				GCC_NO_COMMON_BLOCKS = YES;
				GCC_WARN_64_TO_32_BIT_CONVERSION = YES;
				GCC_WARN_ABOUT_RETURN_TYPE = YES_ERROR;
				GCC_WARN_UNDECLARED_SELECTOR = YES;
				GCC_WARN_UNINITIALIZED_AUTOS = YES_AGGRESSIVE;
				GCC_WARN_UNUSED_FUNCTION = YES;
				GCC_WARN_UNUSED_VARIABLE = YES;
				IPHONEOS_DEPLOYMENT_TARGET = 15.0;
				MTL_ENABLE_DEBUG_INFO = NO;
				MTL_FAST_MATH = YES;
				SDKROOT = iphoneos;
				SWIFT_COMPILATION_MODE = wholemodule;
				SWIFT_OPTIMIZATION_LEVEL = "-O";
				VALIDATE_PRODUCT = YES;
				VERSIONING_SYSTEM = "apple-generic";
				VERSION_INFO_PREFIX = "";
			};
			name = Release;
		};
		0DB7E37027FBE3DB0090FA75 /* Debug */ = {
			isa = XCBuildConfiguration;
			buildSettings = {
				CODE_SIGN_STYLE = Automatic;
				CURRENT_PROJECT_VERSION = 1;
				DEFINES_MODULE = YES;
				DEVELOPMENT_TEAM = 7HCRY5B7VD;
				DYLIB_COMPATIBILITY_VERSION = 1;
				DYLIB_CURRENT_VERSION = 1;
				DYLIB_INSTALL_NAME_BASE = "@rpath";
				GENERATE_INFOPLIST_FILE = YES;
				INFOPLIST_KEY_NSHumanReadableCopyright = "";
				INSTALL_PATH = "$(LOCAL_LIBRARY_DIR)/Frameworks";
				LD_RUNPATH_SEARCH_PATHS = (
					"$(inherited)",
					"@executable_path/Frameworks",
					"@loader_path/Frameworks",
				);
				MARKETING_VERSION = 1.0;
				PRODUCT_BUNDLE_IDENTIFIER = "com.ada.qris-sdk-astrapay";
				PRODUCT_NAME = "$(TARGET_NAME:c99extidentifier)";
				SKIP_INSTALL = YES;
				SWIFT_EMIT_LOC_STRINGS = YES;
				SWIFT_VERSION = 5.0;
				TARGETED_DEVICE_FAMILY = "1,2";
			};
			name = Debug;
		};
		0DB7E37127FBE3DB0090FA75 /* Release */ = {
			isa = XCBuildConfiguration;
			buildSettings = {
				CODE_SIGN_STYLE = Automatic;
				CURRENT_PROJECT_VERSION = 1;
				DEFINES_MODULE = YES;
				DEVELOPMENT_TEAM = 7HCRY5B7VD;
				DYLIB_COMPATIBILITY_VERSION = 1;
				DYLIB_CURRENT_VERSION = 1;
				DYLIB_INSTALL_NAME_BASE = "@rpath";
				GENERATE_INFOPLIST_FILE = YES;
				INFOPLIST_KEY_NSHumanReadableCopyright = "";
				INSTALL_PATH = "$(LOCAL_LIBRARY_DIR)/Frameworks";
				LD_RUNPATH_SEARCH_PATHS = (
					"$(inherited)",
					"@executable_path/Frameworks",
					"@loader_path/Frameworks",
				);
				MARKETING_VERSION = 1.0;
				PRODUCT_BUNDLE_IDENTIFIER = "com.ada.qris-sdk-astrapay";
				PRODUCT_NAME = "$(TARGET_NAME:c99extidentifier)";
				SKIP_INSTALL = YES;
				SWIFT_EMIT_LOC_STRINGS = YES;
				SWIFT_VERSION = 5.0;
				TARGETED_DEVICE_FAMILY = "1,2";
			};
			name = Release;
		};
/* End XCBuildConfiguration section */

/* Begin XCConfigurationList section */
		0DB7E36027FBE3DB0090FA75 /* Build configuration list for PBXProject "qris_sdk_astrapay" */ = {
			isa = XCConfigurationList;
			buildConfigurations = (
				0DB7E36D27FBE3DB0090FA75 /* Debug */,
				0DB7E36E27FBE3DB0090FA75 /* Release */,
			);
			defaultConfigurationIsVisible = 0;
			defaultConfigurationName = Release;
		};
		0DB7E36F27FBE3DB0090FA75 /* Build configuration list for PBXNativeTarget "qris_sdk_astrapay" */ = {
			isa = XCConfigurationList;
			buildConfigurations = (
				0DB7E37027FBE3DB0090FA75 /* Debug */,
				0DB7E37127FBE3DB0090FA75 /* Release */,
			);
			defaultConfigurationIsVisible = 0;
			defaultConfigurationName = Release;
		};
/* End XCConfigurationList section */
	};
	rootObject = 0DB7E35D27FBE3DB0090FA75 /* Project object */;
}
